// !$*UTF8*$!
{
	archiveVersion = 1;
	classes = {
	};
	objectVersion = 46;
	objects = {

/* Begin PBXBuildFile section */
		4E0BB2B81ADEB6C3007E1936 /* PhotoTextTableViewCell.swift in Sources */ = {isa = PBXBuildFile; fileRef = 4E0BB2B71ADEB6C3007E1936 /* PhotoTextTableViewCell.swift */; };
		4E347D821AC4D4A800F4C810 /* Tag.swift in Sources */ = {isa = PBXBuildFile; fileRef = 4E347D811AC4D4A800F4C810 /* Tag.swift */; };
		4E462A381AB7DFA600623B7E /* SetupAudio.swift in Sources */ = {isa = PBXBuildFile; fileRef = 4E462A371AB7DFA600623B7E /* SetupAudio.swift */; };
		4E54F87B1AD58D2E007B4EEE /* Asset.swift in Sources */ = {isa = PBXBuildFile; fileRef = 4E54F87A1AD58D2E007B4EEE /* Asset.swift */; };
		4E59466F1A9BB81B007ED02C /* AppDelegate.swift in Sources */ = {isa = PBXBuildFile; fileRef = 4E59466E1A9BB81B007ED02C /* AppDelegate.swift */; };
		4E5946761A9BB81B007ED02C /* Main.storyboard in Resources */ = {isa = PBXBuildFile; fileRef = 4E5946741A9BB81B007ED02C /* Main.storyboard */; };
		4E5946781A9BB81B007ED02C /* Images.xcassets in Resources */ = {isa = PBXBuildFile; fileRef = 4E5946771A9BB81B007ED02C /* Images.xcassets */; };
		4E59467B1A9BB81B007ED02C /* LaunchScreen.xib in Resources */ = {isa = PBXBuildFile; fileRef = 4E5946791A9BB81B007ED02C /* LaunchScreen.xib */; };
		4E5946911A9BBFB7007ED02C /* BrowseTableViewController.swift in Sources */ = {isa = PBXBuildFile; fileRef = 4E5946901A9BBFB7007ED02C /* BrowseTableViewController.swift */; };
		4E5946961A9BE9A5007ED02C /* BrowseTableViewCell.swift in Sources */ = {isa = PBXBuildFile; fileRef = 4E5946951A9BE9A5007ED02C /* BrowseTableViewCell.swift */; };
		4E5946991A9D2095007ED02C /* BrowseDetailTableViewController.swift in Sources */ = {isa = PBXBuildFile; fileRef = 4E5946981A9D2095007ED02C /* BrowseDetailTableViewController.swift */; };
		4E59469C1A9D4BFA007ED02C /* ContributeTableViewController.swift in Sources */ = {isa = PBXBuildFile; fileRef = 4E59469B1A9D4BFA007ED02C /* ContributeTableViewController.swift */; };
		4E6ACDDD1AAE528400314A9F /* ContributeArtifactTableViewController.swift in Sources */ = {isa = PBXBuildFile; fileRef = 4E6ACDDC1AAE528400314A9F /* ContributeArtifactTableViewController.swift */; };
		4E6C4ABE1AB2715500B5FEAC /* RWFramework.framework in Frameworks */ = {isa = PBXBuildFile; fileRef = 4E6C4ABB1AB2704100B5FEAC /* RWFramework.framework */; };
		4E6C4ABF1AB2715500B5FEAC /* RWFramework.framework in Embed Frameworks */ = {isa = PBXBuildFile; fileRef = 4E6C4ABB1AB2704100B5FEAC /* RWFramework.framework */; settings = {ATTRIBUTES = (CodeSignOnCopy, RemoveHeadersOnCopy, ); }; };
		4E6C4AC41AB28D8700B5FEAC /* RWFramework.plist in Resources */ = {isa = PBXBuildFile; fileRef = 4E6C4AC31AB28D8700B5FEAC /* RWFramework.plist */; };
		4E6C4AC51AB28D8700B5FEAC /* RWFramework.plist in Resources */ = {isa = PBXBuildFile; fileRef = 4E6C4AC31AB28D8700B5FEAC /* RWFramework.plist */; };
		4E6C4AC81AB2ADEA00B5FEAC /* AudioDrawerTableViewCell.swift in Sources */ = {isa = PBXBuildFile; fileRef = 4E6C4AC71AB2ADEA00B5FEAC /* AudioDrawerTableViewCell.swift */; };
		4E6D9CB81AAE2A040002D543 /* MicrophoneLevelsView.swift in Sources */ = {isa = PBXBuildFile; fileRef = 4E6D9CB71AAE2A040002D543 /* MicrophoneLevelsView.swift */; };
		4E71841F1AC76A3700C88A58 /* RWData.swift in Sources */ = {isa = PBXBuildFile; fileRef = 4E71841E1AC76A3700C88A58 /* RWData.swift */; };
		4E7184221AC773B100C88A58 /* RootTabBarController.swift in Sources */ = {isa = PBXBuildFile; fileRef = 4E7184211AC773B100C88A58 /* RootTabBarController.swift */; };
		4E7184261AC7760500C88A58 /* BaseViewController.swift in Sources */ = {isa = PBXBuildFile; fileRef = 4E7184251AC7760500C88A58 /* BaseViewController.swift */; };
		4E7184291AC8E3D600C88A58 /* ListenViewController.swift in Sources */ = {isa = PBXBuildFile; fileRef = 4E7184281AC8E3D600C88A58 /* ListenViewController.swift */; };
		4E9DBFAF1AE8743300AA861C /* RequestAssets.swift in Sources */ = {isa = PBXBuildFile; fileRef = 4E9DBFAE1AE8743300AA861C /* RequestAssets.swift */; };
		4E9DBFB21AE876E100AA861C /* RequestAssetText.swift in Sources */ = {isa = PBXBuildFile; fileRef = 4E9DBFB11AE876E100AA861C /* RequestAssetText.swift */; };
		4EA3928C1A9FBCAD00308613 /* TextDrawerTableViewCell.swift in Sources */ = {isa = PBXBuildFile; fileRef = 4EA3928B1A9FBCAD00308613 /* TextDrawerTableViewCell.swift */; };
		4EA392901A9FC2E800308613 /* PhotoDrawerTableViewCell.swift in Sources */ = {isa = PBXBuildFile; fileRef = 4EA3928F1A9FC2E800308613 /* PhotoDrawerTableViewCell.swift */; };
		4EC4329D1AD9D1A7002CBC04 /* Delay.swift in Sources */ = {isa = PBXBuildFile; fileRef = 4EC4329C1AD9D1A7002CBC04 /* Delay.swift */; };
		4EC432A61ADB7A0E002CBC04 /* BrowsePhotoTableViewCell.swift in Sources */ = {isa = PBXBuildFile; fileRef = 4EC432A51ADB7A0E002CBC04 /* BrowsePhotoTableViewCell.swift */; };
		4EC432AB1ADB8219002CBC04 /* BrowsePhotoViewController.swift in Sources */ = {isa = PBXBuildFile; fileRef = 4EC432AA1ADB8219002CBC04 /* BrowsePhotoViewController.swift */; };
		4EC432B31ADB90EF002CBC04 /* Alamofire.swift in Sources */ = {isa = PBXBuildFile; fileRef = 4EC432B21ADB90EF002CBC04 /* Alamofire.swift */; };
		4EC5C0A51ACE14E900BA8AA9 /* Stream.swift in Sources */ = {isa = PBXBuildFile; fileRef = 4EC5C0A41ACE14E900BA8AA9 /* Stream.swift */; };
		4ED2160E1AD72E7E004FCA82 /* BrowseTextTableViewCell.swift in Sources */ = {isa = PBXBuildFile; fileRef = 4ED2160D1AD72E7E004FCA82 /* BrowseTextTableViewCell.swift */; };
		4EEEAC591AED970600E100F5 /* ExhibitionViewModel.swift in Sources */ = {isa = PBXBuildFile; fileRef = 4EEEAC581AED970600E100F5 /* ExhibitionViewModel.swift */; };
		4EF024781AA1288600F93604 /* BrowseDetailTableViewCell.swift in Sources */ = {isa = PBXBuildFile; fileRef = 4EF024771AA1288600F93604 /* BrowseDetailTableViewCell.swift */; };
		4EF1B8F81AE60613002C619C /* ListenTagsTableViewController.swift in Sources */ = {isa = PBXBuildFile; fileRef = 4EF1B8F71AE60613002C619C /* ListenTagsTableViewController.swift */; };
		8D2CEB442BA021938505E8E0 /* libPods-Digita11yTests.a in Frameworks */ = {isa = PBXBuildFile; fileRef = C4EC7348B2CECCD23FF50D6E /* libPods-Digita11yTests.a */; };
		E2CA5FC7CF2020C6FF5F4AF5 /* libPods-Digita11y.a in Frameworks */ = {isa = PBXBuildFile; fileRef = BF4EC8ECFFE3A204B9AB3D26 /* libPods-Digita11y.a */; };
/* End PBXBuildFile section */

/* Begin PBXContainerItemProxy section */
		4E5946811A9BB81B007ED02C /* PBXContainerItemProxy */ = {
			isa = PBXContainerItemProxy;
			containerPortal = 4E5946611A9BB81A007ED02C /* Project object */;
			proxyType = 1;
			remoteGlobalIDString = 4E5946681A9BB81A007ED02C;
			remoteInfo = Digita11y;
		};
		4E6C4ABA1AB2704100B5FEAC /* PBXContainerItemProxy */ = {
			isa = PBXContainerItemProxy;
			containerPortal = 4E6C4AB51AB2704100B5FEAC /* RWFramework.xcodeproj */;
			proxyType = 2;
			remoteGlobalIDString = 75A7D2D11A745B7400E662A8;
			remoteInfo = RWFramework;
		};
		4E6C4ABC1AB2704100B5FEAC /* PBXContainerItemProxy */ = {
			isa = PBXContainerItemProxy;
			containerPortal = 4E6C4AB51AB2704100B5FEAC /* RWFramework.xcodeproj */;
			proxyType = 2;
			remoteGlobalIDString = 75A7D2DC1A745B7400E662A8;
			remoteInfo = RWFrameworkTests;
		};
		4E6C4AC01AB2715500B5FEAC /* PBXContainerItemProxy */ = {
			isa = PBXContainerItemProxy;
			containerPortal = 4E6C4AB51AB2704100B5FEAC /* RWFramework.xcodeproj */;
			proxyType = 1;
			remoteGlobalIDString = 75A7D2D01A745B7400E662A8;
			remoteInfo = RWFramework;
		};
/* End PBXContainerItemProxy section */

/* Begin PBXCopyFilesBuildPhase section */
		4E6C4AC21AB2715500B5FEAC /* Embed Frameworks */ = {
			isa = PBXCopyFilesBuildPhase;
			buildActionMask = 2147483647;
			dstPath = "";
			dstSubfolderSpec = 10;
			files = (
				4E6C4ABF1AB2715500B5FEAC /* RWFramework.framework in Embed Frameworks */,
			);
			name = "Embed Frameworks";
			runOnlyForDeploymentPostprocessing = 0;
		};
/* End PBXCopyFilesBuildPhase section */

/* Begin PBXFileReference section */
		0D00D72D58B06AAFC88F3442 /* Pods-Digita11y.debug.xcconfig */ = {isa = PBXFileReference; includeInIndex = 1; lastKnownFileType = text.xcconfig; name = "Pods-Digita11y.debug.xcconfig"; path = "Pods/Target Support Files/Pods-Digita11y/Pods-Digita11y.debug.xcconfig"; sourceTree = "<group>"; };
		2B7449CB3A4A9A0A5971C1B1 /* Pods-Digita11y.release.xcconfig */ = {isa = PBXFileReference; includeInIndex = 1; lastKnownFileType = text.xcconfig; name = "Pods-Digita11y.release.xcconfig"; path = "Pods/Target Support Files/Pods-Digita11y/Pods-Digita11y.release.xcconfig"; sourceTree = "<group>"; };
		4E0BB2B71ADEB6C3007E1936 /* PhotoTextTableViewCell.swift */ = {isa = PBXFileReference; fileEncoding = 4; lastKnownFileType = sourcecode.swift; name = PhotoTextTableViewCell.swift; path = Views/PhotoTextTableViewCell.swift; sourceTree = "<group>"; };
		4E347D811AC4D4A800F4C810 /* Tag.swift */ = {isa = PBXFileReference; fileEncoding = 4; lastKnownFileType = sourcecode.swift; name = Tag.swift; path = Models/Tag.swift; sourceTree = "<group>"; };
		4E462A371AB7DFA600623B7E /* SetupAudio.swift */ = {isa = PBXFileReference; fileEncoding = 4; lastKnownFileType = sourcecode.swift; name = SetupAudio.swift; path = Operations/SetupAudio.swift; sourceTree = "<group>"; };
		4E54F87A1AD58D2E007B4EEE /* Asset.swift */ = {isa = PBXFileReference; fileEncoding = 4; lastKnownFileType = sourcecode.swift; name = Asset.swift; path = Models/Asset.swift; sourceTree = "<group>"; };
		4E5946691A9BB81A007ED02C /* Digita11y.app */ = {isa = PBXFileReference; explicitFileType = wrapper.application; includeInIndex = 0; path = Digita11y.app; sourceTree = BUILT_PRODUCTS_DIR; };
		4E59466D1A9BB81B007ED02C /* Info.plist */ = {isa = PBXFileReference; lastKnownFileType = text.plist.xml; path = Info.plist; sourceTree = "<group>"; };
		4E59466E1A9BB81B007ED02C /* AppDelegate.swift */ = {isa = PBXFileReference; lastKnownFileType = sourcecode.swift; lineEnding = 0; path = AppDelegate.swift; sourceTree = "<group>"; xcLanguageSpecificationIdentifier = xcode.lang.swift; };
		4E5946751A9BB81B007ED02C /* Base */ = {isa = PBXFileReference; lastKnownFileType = file.storyboard; name = Base; path = Base.lproj/Main.storyboard; sourceTree = "<group>"; };
		4E5946771A9BB81B007ED02C /* Images.xcassets */ = {isa = PBXFileReference; lastKnownFileType = folder.assetcatalog; path = Images.xcassets; sourceTree = "<group>"; };
		4E59467A1A9BB81B007ED02C /* Base */ = {isa = PBXFileReference; lastKnownFileType = file.xib; name = Base; path = Base.lproj/LaunchScreen.xib; sourceTree = "<group>"; };
		4E5946801A9BB81B007ED02C /* Digita11yTests.xctest */ = {isa = PBXFileReference; explicitFileType = wrapper.cfbundle; includeInIndex = 0; path = Digita11yTests.xctest; sourceTree = BUILT_PRODUCTS_DIR; };
		4E5946851A9BB81B007ED02C /* Info.plist */ = {isa = PBXFileReference; lastKnownFileType = text.plist.xml; path = Info.plist; sourceTree = "<group>"; };
		4E5946861A9BB81B007ED02C /* Digita11yTests.swift */ = {isa = PBXFileReference; lastKnownFileType = sourcecode.swift; path = Digita11yTests.swift; sourceTree = "<group>"; };
		4E5946901A9BBFB7007ED02C /* BrowseTableViewController.swift */ = {isa = PBXFileReference; fileEncoding = 4; lastKnownFileType = sourcecode.swift; lineEnding = 0; name = BrowseTableViewController.swift; path = Controllers/BrowseTableViewController.swift; sourceTree = "<group>"; xcLanguageSpecificationIdentifier = xcode.lang.swift; };
		4E5946951A9BE9A5007ED02C /* BrowseTableViewCell.swift */ = {isa = PBXFileReference; fileEncoding = 4; lastKnownFileType = sourcecode.swift; lineEnding = 0; name = BrowseTableViewCell.swift; path = Views/BrowseTableViewCell.swift; sourceTree = "<group>"; xcLanguageSpecificationIdentifier = xcode.lang.swift; };
		4E5946981A9D2095007ED02C /* BrowseDetailTableViewController.swift */ = {isa = PBXFileReference; fileEncoding = 4; lastKnownFileType = sourcecode.swift; lineEnding = 0; name = BrowseDetailTableViewController.swift; path = Controllers/BrowseDetailTableViewController.swift; sourceTree = "<group>"; xcLanguageSpecificationIdentifier = xcode.lang.swift; };
		4E59469B1A9D4BFA007ED02C /* ContributeTableViewController.swift */ = {isa = PBXFileReference; fileEncoding = 4; lastKnownFileType = sourcecode.swift; lineEnding = 0; name = ContributeTableViewController.swift; path = Controllers/ContributeTableViewController.swift; sourceTree = "<group>"; xcLanguageSpecificationIdentifier = xcode.lang.swift; };
		4E6ACDDC1AAE528400314A9F /* ContributeArtifactTableViewController.swift */ = {isa = PBXFileReference; fileEncoding = 4; lastKnownFileType = sourcecode.swift; name = ContributeArtifactTableViewController.swift; path = Controllers/ContributeArtifactTableViewController.swift; sourceTree = "<group>"; };
		4E6C4AB51AB2704100B5FEAC /* RWFramework.xcodeproj */ = {isa = PBXFileReference; lastKnownFileType = "wrapper.pb-project"; name = RWFramework.xcodeproj; path = "External/roundware-ios-framework-v2/RWFramework/RWFramework.xcodeproj"; sourceTree = SOURCE_ROOT; };
		4E6C4AC31AB28D8700B5FEAC /* RWFramework.plist */ = {isa = PBXFileReference; fileEncoding = 4; lastKnownFileType = text.plist.xml; name = RWFramework.plist; path = "External/roundware-ios-framework-v2/RWExample/RWExample/RWFramework.plist"; sourceTree = SOURCE_ROOT; };
		4E6C4AC71AB2ADEA00B5FEAC /* AudioDrawerTableViewCell.swift */ = {isa = PBXFileReference; fileEncoding = 4; lastKnownFileType = sourcecode.swift; name = AudioDrawerTableViewCell.swift; path = Views/AudioDrawerTableViewCell.swift; sourceTree = "<group>"; };
		4E6D9CB71AAE2A040002D543 /* MicrophoneLevelsView.swift */ = {isa = PBXFileReference; fileEncoding = 4; lastKnownFileType = sourcecode.swift; name = MicrophoneLevelsView.swift; path = Views/MicrophoneLevelsView.swift; sourceTree = "<group>"; };
		4E71841E1AC76A3700C88A58 /* RWData.swift */ = {isa = PBXFileReference; fileEncoding = 4; lastKnownFileType = sourcecode.swift; name = RWData.swift; path = Models/RWData.swift; sourceTree = "<group>"; };
		4E7184211AC773B100C88A58 /* RootTabBarController.swift */ = {isa = PBXFileReference; fileEncoding = 4; lastKnownFileType = sourcecode.swift; name = RootTabBarController.swift; path = Controllers/RootTabBarController.swift; sourceTree = "<group>"; };
		4E7184251AC7760500C88A58 /* BaseViewController.swift */ = {isa = PBXFileReference; fileEncoding = 4; lastKnownFileType = sourcecode.swift; name = BaseViewController.swift; path = Controllers/BaseViewController.swift; sourceTree = "<group>"; };
		4E7184281AC8E3D600C88A58 /* ListenViewController.swift */ = {isa = PBXFileReference; fileEncoding = 4; lastKnownFileType = sourcecode.swift; name = ListenViewController.swift; path = Controllers/ListenViewController.swift; sourceTree = "<group>"; };
		4E9DBFAE1AE8743300AA861C /* RequestAssets.swift */ = {isa = PBXFileReference; fileEncoding = 4; lastKnownFileType = sourcecode.swift; name = RequestAssets.swift; path = Operations/RequestAssets.swift; sourceTree = "<group>"; };
		4E9DBFB11AE876E100AA861C /* RequestAssetText.swift */ = {isa = PBXFileReference; fileEncoding = 4; lastKnownFileType = sourcecode.swift; name = RequestAssetText.swift; path = Operations/RequestAssetText.swift; sourceTree = "<group>"; };
		4EA3928B1A9FBCAD00308613 /* TextDrawerTableViewCell.swift */ = {isa = PBXFileReference; fileEncoding = 4; lastKnownFileType = sourcecode.swift; name = TextDrawerTableViewCell.swift; path = Views/TextDrawerTableViewCell.swift; sourceTree = "<group>"; };
		4EA3928E1A9FBDBC00308613 /* Digita11y-Bridging-Header.h */ = {isa = PBXFileReference; lastKnownFileType = sourcecode.c.h; path = "Digita11y-Bridging-Header.h"; sourceTree = "<group>"; };
		4EA3928F1A9FC2E800308613 /* PhotoDrawerTableViewCell.swift */ = {isa = PBXFileReference; fileEncoding = 4; lastKnownFileType = sourcecode.swift; name = PhotoDrawerTableViewCell.swift; path = Views/PhotoDrawerTableViewCell.swift; sourceTree = "<group>"; };
		4EC4329C1AD9D1A7002CBC04 /* Delay.swift */ = {isa = PBXFileReference; fileEncoding = 4; lastKnownFileType = sourcecode.swift; name = Delay.swift; path = Operations/Delay.swift; sourceTree = "<group>"; };
		4EC432A51ADB7A0E002CBC04 /* BrowsePhotoTableViewCell.swift */ = {isa = PBXFileReference; fileEncoding = 4; lastKnownFileType = sourcecode.swift; name = BrowsePhotoTableViewCell.swift; path = Views/BrowsePhotoTableViewCell.swift; sourceTree = "<group>"; };
		4EC432AA1ADB8219002CBC04 /* BrowsePhotoViewController.swift */ = {isa = PBXFileReference; fileEncoding = 4; lastKnownFileType = sourcecode.swift; name = BrowsePhotoViewController.swift; path = Controllers/BrowsePhotoViewController.swift; sourceTree = "<group>"; };
		4EC432B21ADB90EF002CBC04 /* Alamofire.swift */ = {isa = PBXFileReference; fileEncoding = 4; lastKnownFileType = sourcecode.swift; name = Alamofire.swift; path = External/Alamofire/Source/Alamofire.swift; sourceTree = SOURCE_ROOT; };
		4EC5C0A41ACE14E900BA8AA9 /* Stream.swift */ = {isa = PBXFileReference; fileEncoding = 4; lastKnownFileType = sourcecode.swift; name = Stream.swift; path = Models/Stream.swift; sourceTree = "<group>"; };
		4ED2160D1AD72E7E004FCA82 /* BrowseTextTableViewCell.swift */ = {isa = PBXFileReference; fileEncoding = 4; lastKnownFileType = sourcecode.swift; name = BrowseTextTableViewCell.swift; path = Views/BrowseTextTableViewCell.swift; sourceTree = "<group>"; };
		4EEEAC581AED970600E100F5 /* ExhibitionViewModel.swift */ = {isa = PBXFileReference; fileEncoding = 4; lastKnownFileType = sourcecode.swift; name = ExhibitionViewModel.swift; path = ViewModels/ExhibitionViewModel.swift; sourceTree = "<group>"; };
		4EF024771AA1288600F93604 /* BrowseDetailTableViewCell.swift */ = {isa = PBXFileReference; fileEncoding = 4; lastKnownFileType = sourcecode.swift; name = BrowseDetailTableViewCell.swift; path = Views/BrowseDetailTableViewCell.swift; sourceTree = "<group>"; };
		4EF1B8F71AE60613002C619C /* ListenTagsTableViewController.swift */ = {isa = PBXFileReference; fileEncoding = 4; lastKnownFileType = sourcecode.swift; name = ListenTagsTableViewController.swift; path = Controllers/ListenTagsTableViewController.swift; sourceTree = "<group>"; };
		9100EF3930DF39010F581D8C /* Pods-Digita11yTests.debug.xcconfig */ = {isa = PBXFileReference; includeInIndex = 1; lastKnownFileType = text.xcconfig; name = "Pods-Digita11yTests.debug.xcconfig"; path = "Pods/Target Support Files/Pods-Digita11yTests/Pods-Digita11yTests.debug.xcconfig"; sourceTree = "<group>"; };
		B9DA8D7895CEE3286A469D80 /* Pods-Digita11yTests.release.xcconfig */ = {isa = PBXFileReference; includeInIndex = 1; lastKnownFileType = text.xcconfig; name = "Pods-Digita11yTests.release.xcconfig"; path = "Pods/Target Support Files/Pods-Digita11yTests/Pods-Digita11yTests.release.xcconfig"; sourceTree = "<group>"; };
		BF4EC8ECFFE3A204B9AB3D26 /* libPods-Digita11y.a */ = {isa = PBXFileReference; explicitFileType = archive.ar; includeInIndex = 0; path = "libPods-Digita11y.a"; sourceTree = BUILT_PRODUCTS_DIR; };
		C4EC7348B2CECCD23FF50D6E /* libPods-Digita11yTests.a */ = {isa = PBXFileReference; explicitFileType = archive.ar; includeInIndex = 0; path = "libPods-Digita11yTests.a"; sourceTree = BUILT_PRODUCTS_DIR; };
/* End PBXFileReference section */

/* Begin PBXFrameworksBuildPhase section */
		4E5946661A9BB81A007ED02C /* Frameworks */ = {
			isa = PBXFrameworksBuildPhase;
			buildActionMask = 2147483647;
			files = (
				4E6C4ABE1AB2715500B5FEAC /* RWFramework.framework in Frameworks */,
				E2CA5FC7CF2020C6FF5F4AF5 /* libPods-Digita11y.a in Frameworks */,
			);
			runOnlyForDeploymentPostprocessing = 0;
		};
		4E59467D1A9BB81B007ED02C /* Frameworks */ = {
			isa = PBXFrameworksBuildPhase;
			buildActionMask = 2147483647;
			files = (
				8D2CEB442BA021938505E8E0 /* libPods-Digita11yTests.a in Frameworks */,
			);
			runOnlyForDeploymentPostprocessing = 0;
		};
/* End PBXFrameworksBuildPhase section */

/* Begin PBXGroup section */
		4E0BB2BA1ADEC025007E1936 /* Contribute */ = {
			isa = PBXGroup;
			children = (
				4E6C4AC71AB2ADEA00B5FEAC /* AudioDrawerTableViewCell.swift */,
				4E6D9CB71AAE2A040002D543 /* MicrophoneLevelsView.swift */,
				4EA3928B1A9FBCAD00308613 /* TextDrawerTableViewCell.swift */,
				4EA3928F1A9FC2E800308613 /* PhotoDrawerTableViewCell.swift */,
				4E0BB2B71ADEB6C3007E1936 /* PhotoTextTableViewCell.swift */,
			);
			name = Contribute;
			sourceTree = "<group>";
		};
		4E0BB2BB1ADEC03D007E1936 /* Browse */ = {
			isa = PBXGroup;
			children = (
				4E5946951A9BE9A5007ED02C /* BrowseTableViewCell.swift */,
				4ED2160D1AD72E7E004FCA82 /* BrowseTextTableViewCell.swift */,
				4EF024771AA1288600F93604 /* BrowseDetailTableViewCell.swift */,
				4EC432A51ADB7A0E002CBC04 /* BrowsePhotoTableViewCell.swift */,
			);
			name = Browse;
			sourceTree = "<group>";
		};
		4E347D7F1AC4D47B00F4C810 /* Models */ = {
			isa = PBXGroup;
			children = (
				4E71841E1AC76A3700C88A58 /* RWData.swift */,
				4E347D811AC4D4A800F4C810 /* Tag.swift */,
				4EC5C0A41ACE14E900BA8AA9 /* Stream.swift */,
				4E54F87A1AD58D2E007B4EEE /* Asset.swift */,
			);
			name = Models;
			sourceTree = "<group>";
		};
		4E462A351AB7DF8400623B7E /* Operations */ = {
			isa = PBXGroup;
			children = (
				4E462A371AB7DFA600623B7E /* SetupAudio.swift */,
				4EC4329C1AD9D1A7002CBC04 /* Delay.swift */,
				4E9DBFAE1AE8743300AA861C /* RequestAssets.swift */,
				4E9DBFB11AE876E100AA861C /* RequestAssetText.swift */,
			);
			name = Operations;
			sourceTree = "<group>";
		};
		4E5946601A9BB81A007ED02C = {
			isa = PBXGroup;
			children = (
				4E59466B1A9BB81A007ED02C /* Digita11y */,
				4E5946831A9BB81B007ED02C /* Digita11yTests */,
				4E59466A1A9BB81A007ED02C /* Products */,
				DDB8F3E017B97669B568B3A2 /* Pods */,
				5D2900C9F3F2E43C9F1D7A3B /* Frameworks */,
			);
			sourceTree = "<group>";
		};
		4E59466A1A9BB81A007ED02C /* Products */ = {
			isa = PBXGroup;
			children = (
				4E5946691A9BB81A007ED02C /* Digita11y.app */,
				4E5946801A9BB81B007ED02C /* Digita11yTests.xctest */,
			);
			name = Products;
			sourceTree = "<group>";
		};
		4E59466B1A9BB81A007ED02C /* Digita11y */ = {
			isa = PBXGroup;
			children = (
				4E6C4AB41AB2703B00B5FEAC /* External */,
				4E347D7F1AC4D47B00F4C810 /* Models */,
				4E5946941A9BE966007ED02C /* Views */,
				4EEEAC561AED96CC00E100F5 /* ViewModels */,
				4E5946931A9BBFBD007ED02C /* Controllers */,
				4E462A351AB7DF8400623B7E /* Operations */,
				4E59466E1A9BB81B007ED02C /* AppDelegate.swift */,
				4EA3928E1A9FBDBC00308613 /* Digita11y-Bridging-Header.h */,
				4E5946771A9BB81B007ED02C /* Images.xcassets */,
				4E59466C1A9BB81B007ED02C /* Supporting Files */,
			);
			path = Digita11y;
			sourceTree = "<group>";
		};
		4E59466C1A9BB81B007ED02C /* Supporting Files */ = {
			isa = PBXGroup;
			children = (
				4E59466D1A9BB81B007ED02C /* Info.plist */,
			);
			name = "Supporting Files";
			sourceTree = "<group>";
		};
		4E5946831A9BB81B007ED02C /* Digita11yTests */ = {
			isa = PBXGroup;
			children = (
				4E5946861A9BB81B007ED02C /* Digita11yTests.swift */,
				4E5946841A9BB81B007ED02C /* Supporting Files */,
			);
			path = Digita11yTests;
			sourceTree = "<group>";
		};
		4E5946841A9BB81B007ED02C /* Supporting Files */ = {
			isa = PBXGroup;
			children = (
				4E5946851A9BB81B007ED02C /* Info.plist */,
			);
			name = "Supporting Files";
			sourceTree = "<group>";
		};
		4E5946931A9BBFBD007ED02C /* Controllers */ = {
			isa = PBXGroup;
			children = (
				4E7184211AC773B100C88A58 /* RootTabBarController.swift */,
				4E7184251AC7760500C88A58 /* BaseViewController.swift */,
				4E5946901A9BBFB7007ED02C /* BrowseTableViewController.swift */,
				4E5946981A9D2095007ED02C /* BrowseDetailTableViewController.swift */,
				4EC432AA1ADB8219002CBC04 /* BrowsePhotoViewController.swift */,
				4E7184281AC8E3D600C88A58 /* ListenViewController.swift */,
				4EF1B8F71AE60613002C619C /* ListenTagsTableViewController.swift */,
				4E59469B1A9D4BFA007ED02C /* ContributeTableViewController.swift */,
				4E6ACDDC1AAE528400314A9F /* ContributeArtifactTableViewController.swift */,
			);
			name = Controllers;
			sourceTree = "<group>";
		};
		4E5946941A9BE966007ED02C /* Views */ = {
			isa = PBXGroup;
			children = (
				4E5946741A9BB81B007ED02C /* Main.storyboard */,
				4E5946791A9BB81B007ED02C /* LaunchScreen.xib */,
				4E0BB2BB1ADEC03D007E1936 /* Browse */,
				4E0BB2BA1ADEC025007E1936 /* Contribute */,
			);
			name = Views;
			sourceTree = "<group>";
		};
		4E6C4AB41AB2703B00B5FEAC /* External */ = {
			isa = PBXGroup;
			children = (
				4EC432B01ADB90CE002CBC04 /* Alamofire */,
				4E6C4AC31AB28D8700B5FEAC /* RWFramework.plist */,
				4E6C4AB51AB2704100B5FEAC /* RWFramework.xcodeproj */,
			);
			name = External;
			sourceTree = "<group>";
		};
		4E6C4AB61AB2704100B5FEAC /* Products */ = {
			isa = PBXGroup;
			children = (
				4E6C4ABB1AB2704100B5FEAC /* RWFramework.framework */,
				4E6C4ABD1AB2704100B5FEAC /* RWFrameworkTests.xctest */,
			);
			name = Products;
			sourceTree = "<group>";
		};
		4EC432B01ADB90CE002CBC04 /* Alamofire */ = {
			isa = PBXGroup;
			children = (
				4EC432B21ADB90EF002CBC04 /* Alamofire.swift */,
			);
			name = Alamofire;
			sourceTree = "<group>";
		};
		4EEEAC561AED96CC00E100F5 /* ViewModels */ = {
			isa = PBXGroup;
			children = (
				4EEEAC581AED970600E100F5 /* ExhibitionViewModel.swift */,
			);
			name = ViewModels;
			sourceTree = "<group>";
		};
		5D2900C9F3F2E43C9F1D7A3B /* Frameworks */ = {
			isa = PBXGroup;
			children = (
				BF4EC8ECFFE3A204B9AB3D26 /* libPods-Digita11y.a */,
				C4EC7348B2CECCD23FF50D6E /* libPods-Digita11yTests.a */,
			);
			name = Frameworks;
			sourceTree = "<group>";
		};
		DDB8F3E017B97669B568B3A2 /* Pods */ = {
			isa = PBXGroup;
			children = (
				0D00D72D58B06AAFC88F3442 /* Pods-Digita11y.debug.xcconfig */,
				2B7449CB3A4A9A0A5971C1B1 /* Pods-Digita11y.release.xcconfig */,
				9100EF3930DF39010F581D8C /* Pods-Digita11yTests.debug.xcconfig */,
				B9DA8D7895CEE3286A469D80 /* Pods-Digita11yTests.release.xcconfig */,
			);
			name = Pods;
			sourceTree = "<group>";
		};
/* End PBXGroup section */

/* Begin PBXNativeTarget section */
		4E5946681A9BB81A007ED02C /* Digita11y */ = {
			isa = PBXNativeTarget;
			buildConfigurationList = 4E59468A1A9BB81B007ED02C /* Build configuration list for PBXNativeTarget "Digita11y" */;
			buildPhases = (
				D32EC83AD36F08D3EF624F67 /* Check Pods Manifest.lock */,
				4E5946651A9BB81A007ED02C /* Sources */,
				4E5946661A9BB81A007ED02C /* Frameworks */,
				4E5946671A9BB81A007ED02C /* Resources */,
				B1B34116A1B07E17B5705909 /* Copy Pods Resources */,
				4E6C4AC21AB2715500B5FEAC /* Embed Frameworks */,
				4E4336BA1AC339B500877523 /* ShellScript */,
			);
			buildRules = (
			);
			dependencies = (
				4E6C4AC11AB2715500B5FEAC /* PBXTargetDependency */,
			);
			name = Digita11y;
			productName = Digita11y;
			productReference = 4E5946691A9BB81A007ED02C /* Digita11y.app */;
			productType = "com.apple.product-type.application";
		};
		4E59467F1A9BB81B007ED02C /* Digita11yTests */ = {
			isa = PBXNativeTarget;
			buildConfigurationList = 4E59468D1A9BB81B007ED02C /* Build configuration list for PBXNativeTarget "Digita11yTests" */;
			buildPhases = (
				C36302555E50A0F6DBD503D1 /* Check Pods Manifest.lock */,
				4E59467C1A9BB81B007ED02C /* Sources */,
				4E59467D1A9BB81B007ED02C /* Frameworks */,
				4E59467E1A9BB81B007ED02C /* Resources */,
				D00C15D0B4957134C307B6B3 /* Copy Pods Resources */,
			);
			buildRules = (
			);
			dependencies = (
				4E5946821A9BB81B007ED02C /* PBXTargetDependency */,
			);
			name = Digita11yTests;
			productName = Digita11yTests;
			productReference = 4E5946801A9BB81B007ED02C /* Digita11yTests.xctest */;
			productType = "com.apple.product-type.bundle.unit-test";
		};
/* End PBXNativeTarget section */

/* Begin PBXProject section */
		4E5946611A9BB81A007ED02C /* Project object */ = {
			isa = PBXProject;
			attributes = {
				LastUpgradeCheck = 0610;
				ORGANIZATIONNAME = Roundware;
				TargetAttributes = {
					4E5946681A9BB81A007ED02C = {
						CreatedOnToolsVersion = 6.1.1;
						DevelopmentTeam = C2739AV34F;
						SystemCapabilities = {
							com.apple.BackgroundModes = {
								enabled = 1;
							};
						};
					};
					4E59467F1A9BB81B007ED02C = {
						CreatedOnToolsVersion = 6.1.1;
						DevelopmentTeam = C2739AV34F;
						TestTargetID = 4E5946681A9BB81A007ED02C;
					};
				};
			};
			buildConfigurationList = 4E5946641A9BB81A007ED02C /* Build configuration list for PBXProject "Digita11y" */;
			compatibilityVersion = "Xcode 3.2";
			developmentRegion = English;
			hasScannedForEncodings = 0;
			knownRegions = (
				en,
				Base,
			);
			mainGroup = 4E5946601A9BB81A007ED02C;
			productRefGroup = 4E59466A1A9BB81A007ED02C /* Products */;
			projectDirPath = "";
			projectReferences = (
				{
					ProductGroup = 4E6C4AB61AB2704100B5FEAC /* Products */;
					ProjectRef = 4E6C4AB51AB2704100B5FEAC /* RWFramework.xcodeproj */;
				},
			);
			projectRoot = "";
			targets = (
				4E5946681A9BB81A007ED02C /* Digita11y */,
				4E59467F1A9BB81B007ED02C /* Digita11yTests */,
			);
		};
/* End PBXProject section */

/* Begin PBXReferenceProxy section */
		4E6C4ABB1AB2704100B5FEAC /* RWFramework.framework */ = {
			isa = PBXReferenceProxy;
			fileType = wrapper.framework;
			path = RWFramework.framework;
			remoteRef = 4E6C4ABA1AB2704100B5FEAC /* PBXContainerItemProxy */;
			sourceTree = BUILT_PRODUCTS_DIR;
		};
		4E6C4ABD1AB2704100B5FEAC /* RWFrameworkTests.xctest */ = {
			isa = PBXReferenceProxy;
			fileType = wrapper.cfbundle;
			path = RWFrameworkTests.xctest;
			remoteRef = 4E6C4ABC1AB2704100B5FEAC /* PBXContainerItemProxy */;
			sourceTree = BUILT_PRODUCTS_DIR;
		};
/* End PBXReferenceProxy section */

/* Begin PBXResourcesBuildPhase section */
		4E5946671A9BB81A007ED02C /* Resources */ = {
			isa = PBXResourcesBuildPhase;
			buildActionMask = 2147483647;
			files = (
				4E5946761A9BB81B007ED02C /* Main.storyboard in Resources */,
				4E59467B1A9BB81B007ED02C /* LaunchScreen.xib in Resources */,
				4E6C4AC41AB28D8700B5FEAC /* RWFramework.plist in Resources */,
				4E5946781A9BB81B007ED02C /* Images.xcassets in Resources */,
			);
			runOnlyForDeploymentPostprocessing = 0;
		};
		4E59467E1A9BB81B007ED02C /* Resources */ = {
			isa = PBXResourcesBuildPhase;
			buildActionMask = 2147483647;
			files = (
				4E6C4AC51AB28D8700B5FEAC /* RWFramework.plist in Resources */,
			);
			runOnlyForDeploymentPostprocessing = 0;
		};
/* End PBXResourcesBuildPhase section */

/* Begin PBXShellScriptBuildPhase section */
		4E4336BA1AC339B500877523 /* ShellScript */ = {
			isa = PBXShellScriptBuildPhase;
			buildActionMask = 2147483647;
			files = (
			);
			inputPaths = (
			);
			outputPaths = (
			);
			runOnlyForDeploymentPostprocessing = 0;
			shellPath = /bin/sh;
			shellScript = "./Pods/CrashlyticsFramework/Crashlytics.framework/run 69056dd4dfd70d4a7ca049983df384d1c090537f 36129f4ec2cfdbc023ea7773a665fa1acf0aaed1248404f7ef45aebccfb0ec57";
		};
		B1B34116A1B07E17B5705909 /* Copy Pods Resources */ = {
			isa = PBXShellScriptBuildPhase;
			buildActionMask = 2147483647;
			files = (
			);
			inputPaths = (
			);
			name = "Copy Pods Resources";
			outputPaths = (
			);
			runOnlyForDeploymentPostprocessing = 0;
			shellPath = /bin/sh;
			shellScript = "\"${SRCROOT}/Pods/Target Support Files/Pods-Digita11y/Pods-Digita11y-resources.sh\"\n";
			showEnvVarsInLog = 0;
		};
		C36302555E50A0F6DBD503D1 /* Check Pods Manifest.lock */ = {
			isa = PBXShellScriptBuildPhase;
			buildActionMask = 2147483647;
			files = (
			);
			inputPaths = (
			);
			name = "Check Pods Manifest.lock";
			outputPaths = (
			);
			runOnlyForDeploymentPostprocessing = 0;
			shellPath = /bin/sh;
			shellScript = "diff \"${PODS_ROOT}/../Podfile.lock\" \"${PODS_ROOT}/Manifest.lock\" > /dev/null\nif [[ $? != 0 ]] ; then\n    cat << EOM\nerror: The sandbox is not in sync with the Podfile.lock. Run 'pod install' or update your CocoaPods installation.\nEOM\n    exit 1\nfi\n";
			showEnvVarsInLog = 0;
		};
		D00C15D0B4957134C307B6B3 /* Copy Pods Resources */ = {
			isa = PBXShellScriptBuildPhase;
			buildActionMask = 2147483647;
			files = (
			);
			inputPaths = (
			);
			name = "Copy Pods Resources";
			outputPaths = (
			);
			runOnlyForDeploymentPostprocessing = 0;
			shellPath = /bin/sh;
			shellScript = "\"${SRCROOT}/Pods/Target Support Files/Pods-Digita11yTests/Pods-Digita11yTests-resources.sh\"\n";
			showEnvVarsInLog = 0;
		};
		D32EC83AD36F08D3EF624F67 /* Check Pods Manifest.lock */ = {
			isa = PBXShellScriptBuildPhase;
			buildActionMask = 2147483647;
			files = (
			);
			inputPaths = (
			);
			name = "Check Pods Manifest.lock";
			outputPaths = (
			);
			runOnlyForDeploymentPostprocessing = 0;
			shellPath = /bin/sh;
			shellScript = "diff \"${PODS_ROOT}/../Podfile.lock\" \"${PODS_ROOT}/Manifest.lock\" > /dev/null\nif [[ $? != 0 ]] ; then\n    cat << EOM\nerror: The sandbox is not in sync with the Podfile.lock. Run 'pod install' or update your CocoaPods installation.\nEOM\n    exit 1\nfi\n";
			showEnvVarsInLog = 0;
		};
/* End PBXShellScriptBuildPhase section */

/* Begin PBXSourcesBuildPhase section */
		4E5946651A9BB81A007ED02C /* Sources */ = {
			isa = PBXSourcesBuildPhase;
			buildActionMask = 2147483647;
			files = (
				4E6ACDDD1AAE528400314A9F /* ContributeArtifactTableViewController.swift in Sources */,
				4E7184221AC773B100C88A58 /* RootTabBarController.swift in Sources */,
				4E5946961A9BE9A5007ED02C /* BrowseTableViewCell.swift in Sources */,
				4EA3928C1A9FBCAD00308613 /* TextDrawerTableViewCell.swift in Sources */,
				4EF024781AA1288600F93604 /* BrowseDetailTableViewCell.swift in Sources */,
				4E0BB2B81ADEB6C3007E1936 /* PhotoTextTableViewCell.swift in Sources */,
				4E6C4AC81AB2ADEA00B5FEAC /* AudioDrawerTableViewCell.swift in Sources */,
				4EF1B8F81AE60613002C619C /* ListenTagsTableViewController.swift in Sources */,
				4E54F87B1AD58D2E007B4EEE /* Asset.swift in Sources */,
				4E59466F1A9BB81B007ED02C /* AppDelegate.swift in Sources */,
				4EC5C0A51ACE14E900BA8AA9 /* Stream.swift in Sources */,
				4E9DBFAF1AE8743300AA861C /* RequestAssets.swift in Sources */,
				4EA392901A9FC2E800308613 /* PhotoDrawerTableViewCell.swift in Sources */,
				4EEEAC591AED970600E100F5 /* ExhibitionViewModel.swift in Sources */,
				4ED2160E1AD72E7E004FCA82 /* BrowseTextTableViewCell.swift in Sources */,
				4E5946911A9BBFB7007ED02C /* BrowseTableViewController.swift in Sources */,
				4E9DBFB21AE876E100AA861C /* RequestAssetText.swift in Sources */,
				4E6D9CB81AAE2A040002D543 /* MicrophoneLevelsView.swift in Sources */,
				4E7184291AC8E3D600C88A58 /* ListenViewController.swift in Sources */,
				4EC432AB1ADB8219002CBC04 /* BrowsePhotoViewController.swift in Sources */,
				4E59469C1A9D4BFA007ED02C /* ContributeTableViewController.swift in Sources */,
				4E71841F1AC76A3700C88A58 /* RWData.swift in Sources */,
				4E462A381AB7DFA600623B7E /* SetupAudio.swift in Sources */,
				4EC432B31ADB90EF002CBC04 /* Alamofire.swift in Sources */,
				4E7184261AC7760500C88A58 /* BaseViewController.swift in Sources */,
				4EC4329D1AD9D1A7002CBC04 /* Delay.swift in Sources */,
				4E5946991A9D2095007ED02C /* BrowseDetailTableViewController.swift in Sources */,
				4EC432A61ADB7A0E002CBC04 /* BrowsePhotoTableViewCell.swift in Sources */,
				4E347D821AC4D4A800F4C810 /* Tag.swift in Sources */,
			);
			runOnlyForDeploymentPostprocessing = 0;
		};
		4E59467C1A9BB81B007ED02C /* Sources */ = {
			isa = PBXSourcesBuildPhase;
			buildActionMask = 2147483647;
			files = (
			);
			runOnlyForDeploymentPostprocessing = 0;
		};
/* End PBXSourcesBuildPhase section */

/* Begin PBXTargetDependency section */
		4E5946821A9BB81B007ED02C /* PBXTargetDependency */ = {
			isa = PBXTargetDependency;
			target = 4E5946681A9BB81A007ED02C /* Digita11y */;
			targetProxy = 4E5946811A9BB81B007ED02C /* PBXContainerItemProxy */;
		};
		4E6C4AC11AB2715500B5FEAC /* PBXTargetDependency */ = {
			isa = PBXTargetDependency;
			name = RWFramework;
			targetProxy = 4E6C4AC01AB2715500B5FEAC /* PBXContainerItemProxy */;
		};
/* End PBXTargetDependency section */

/* Begin PBXVariantGroup section */
		4E5946741A9BB81B007ED02C /* Main.storyboard */ = {
			isa = PBXVariantGroup;
			children = (
				4E5946751A9BB81B007ED02C /* Base */,
			);
			name = Main.storyboard;
			sourceTree = "<group>";
		};
		4E5946791A9BB81B007ED02C /* LaunchScreen.xib */ = {
			isa = PBXVariantGroup;
			children = (
				4E59467A1A9BB81B007ED02C /* Base */,
			);
			name = LaunchScreen.xib;
			sourceTree = "<group>";
		};
/* End PBXVariantGroup section */

/* Begin XCBuildConfiguration section */
		4E5946881A9BB81B007ED02C /* Debug */ = {
			isa = XCBuildConfiguration;
			buildSettings = {
				ALWAYS_SEARCH_USER_PATHS = NO;
				CLANG_CXX_LANGUAGE_STANDARD = "gnu++0x";
				CLANG_CXX_LIBRARY = "libc++";
				CLANG_ENABLE_MODULES = YES;
				CLANG_ENABLE_OBJC_ARC = YES;
				CLANG_WARN_BOOL_CONVERSION = YES;
				CLANG_WARN_CONSTANT_CONVERSION = YES;
				CLANG_WARN_DIRECT_OBJC_ISA_USAGE = YES_ERROR;
				CLANG_WARN_EMPTY_BODY = YES;
				CLANG_WARN_ENUM_CONVERSION = YES;
				CLANG_WARN_INT_CONVERSION = YES;
				CLANG_WARN_OBJC_ROOT_CLASS = YES_ERROR;
				CLANG_WARN_UNREACHABLE_CODE = YES;
				CLANG_WARN__DUPLICATE_METHOD_MATCH = YES;
				CODE_SIGN_IDENTITY = "";
				"CODE_SIGN_IDENTITY[sdk=iphoneos*]" = "";
				COPY_PHASE_STRIP = NO;
				ENABLE_STRICT_OBJC_MSGSEND = YES;
				GCC_C_LANGUAGE_STANDARD = gnu99;
				GCC_DYNAMIC_NO_PIC = NO;
				GCC_OPTIMIZATION_LEVEL = 0;
				GCC_PREPROCESSOR_DEFINITIONS = (
					"DEBUG=1",
					"$(inherited)",
				);
				GCC_SYMBOLS_PRIVATE_EXTERN = NO;
				GCC_WARN_64_TO_32_BIT_CONVERSION = YES;
				GCC_WARN_ABOUT_RETURN_TYPE = YES_ERROR;
				GCC_WARN_UNDECLARED_SELECTOR = YES;
				GCC_WARN_UNINITIALIZED_AUTOS = YES_AGGRESSIVE;
				GCC_WARN_UNUSED_FUNCTION = YES;
				GCC_WARN_UNUSED_VARIABLE = YES;
				IPHONEOS_DEPLOYMENT_TARGET = 8.1;
				MTL_ENABLE_DEBUG_INFO = YES;
				ONLY_ACTIVE_ARCH = YES;
				PROVISIONING_PROFILE = "51c23ac3-8a63-4422-97ec-a75df67c1596";
				SDKROOT = iphoneos;
				SWIFT_OBJC_BRIDGING_HEADER = "$(SRCROOT)/Digita11y/Digita11y-Bridging-Header.h";
				SWIFT_OPTIMIZATION_LEVEL = "-Onone";
				TARGETED_DEVICE_FAMILY = "1,2";
			};
			name = Debug;
		};
		4E5946891A9BB81B007ED02C /* Release */ = {
			isa = XCBuildConfiguration;
			buildSettings = {
				ALWAYS_SEARCH_USER_PATHS = NO;
				CLANG_CXX_LANGUAGE_STANDARD = "gnu++0x";
				CLANG_CXX_LIBRARY = "libc++";
				CLANG_ENABLE_MODULES = YES;
				CLANG_ENABLE_OBJC_ARC = YES;
				CLANG_WARN_BOOL_CONVERSION = YES;
				CLANG_WARN_CONSTANT_CONVERSION = YES;
				CLANG_WARN_DIRECT_OBJC_ISA_USAGE = YES_ERROR;
				CLANG_WARN_EMPTY_BODY = YES;
				CLANG_WARN_ENUM_CONVERSION = YES;
				CLANG_WARN_INT_CONVERSION = YES;
				CLANG_WARN_OBJC_ROOT_CLASS = YES_ERROR;
				CLANG_WARN_UNREACHABLE_CODE = YES;
				CLANG_WARN__DUPLICATE_METHOD_MATCH = YES;
				CODE_SIGN_IDENTITY = "";
				"CODE_SIGN_IDENTITY[sdk=iphoneos*]" = "";
				COPY_PHASE_STRIP = YES;
				ENABLE_NS_ASSERTIONS = NO;
				ENABLE_STRICT_OBJC_MSGSEND = YES;
				GCC_C_LANGUAGE_STANDARD = gnu99;
				GCC_WARN_64_TO_32_BIT_CONVERSION = YES;
				GCC_WARN_ABOUT_RETURN_TYPE = YES_ERROR;
				GCC_WARN_UNDECLARED_SELECTOR = YES;
				GCC_WARN_UNINITIALIZED_AUTOS = YES_AGGRESSIVE;
				GCC_WARN_UNUSED_FUNCTION = YES;
				GCC_WARN_UNUSED_VARIABLE = YES;
				IPHONEOS_DEPLOYMENT_TARGET = 8.1;
				MTL_ENABLE_DEBUG_INFO = NO;
				PROVISIONING_PROFILE = "51c23ac3-8a63-4422-97ec-a75df67c1596";
				SDKROOT = iphoneos;
				SWIFT_OBJC_BRIDGING_HEADER = "$(SRCROOT)/Digita11y/Digita11y-Bridging-Header.h";
				TARGETED_DEVICE_FAMILY = "1,2";
				VALIDATE_PRODUCT = YES;
			};
			name = Release;
		};
		4E59468B1A9BB81B007ED02C /* Debug */ = {
			isa = XCBuildConfiguration;
			baseConfigurationReference = 0D00D72D58B06AAFC88F3442 /* Pods-Digita11y.debug.xcconfig */;
			buildSettings = {
				ASSETCATALOG_COMPILER_APPICON_NAME = AppIcon;
				CODE_SIGN_IDENTITY = "iPhone Developer";
				"CODE_SIGN_IDENTITY[sdk=iphoneos*]" = "";
				EMBEDDED_CONTENT_CONTAINS_SWIFT = YES;
				FRAMEWORK_SEARCH_PATHS = (
					"$(inherited)",
					"$(PROJECT_DIR)",
				);
				INFOPLIST_FILE = Digita11y/Info.plist;
				LD_RUNPATH_SEARCH_PATHS = "$(inherited) @executable_path/Frameworks";
				PRODUCT_NAME = "$(TARGET_NAME)";
				PROVISIONING_PROFILE = "b8189abb-b383-4bfc-a43b-4356715816d6";
			};
			name = Debug;
		};
		4E59468C1A9BB81B007ED02C /* Release */ = {
			isa = XCBuildConfiguration;
			baseConfigurationReference = 2B7449CB3A4A9A0A5971C1B1 /* Pods-Digita11y.release.xcconfig */;
			buildSettings = {
				ASSETCATALOG_COMPILER_APPICON_NAME = AppIcon;
				CODE_SIGN_IDENTITY = "iPhone Developer";
				"CODE_SIGN_IDENTITY[sdk=iphoneos*]" = "iPhone Distribution: Smartful Studios Inc.";
				EMBEDDED_CONTENT_CONTAINS_SWIFT = YES;
				FRAMEWORK_SEARCH_PATHS = (
					"$(inherited)",
					"$(PROJECT_DIR)",
				);
				INFOPLIST_FILE = Digita11y/Info.plist;
				LD_RUNPATH_SEARCH_PATHS = "$(inherited) @executable_path/Frameworks";
				PRODUCT_NAME = "$(TARGET_NAME)";
				PROVISIONING_PROFILE = "51c23ac3-8a63-4422-97ec-a75df67c1596";
			};
			name = Release;
		};
		4E59468E1A9BB81B007ED02C /* Debug */ = {
			isa = XCBuildConfiguration;
			baseConfigurationReference = 9100EF3930DF39010F581D8C /* Pods-Digita11yTests.debug.xcconfig */;
			buildSettings = {
				BUNDLE_LOADER = "$(TEST_HOST)";
				CODE_SIGN_IDENTITY = "iPhone Developer";
				"CODE_SIGN_IDENTITY[sdk=iphoneos*]" = "iPhone Developer";
				FRAMEWORK_SEARCH_PATHS = (
					"$(SDKROOT)/Developer/Library/Frameworks",
					"$(inherited)",
				);
				GCC_PREPROCESSOR_DEFINITIONS = (
					"DEBUG=1",
					"$(inherited)",
				);
				INFOPLIST_FILE = Digita11yTests/Info.plist;
				LD_RUNPATH_SEARCH_PATHS = "$(inherited) @executable_path/Frameworks @loader_path/Frameworks";
				PRODUCT_NAME = "$(TARGET_NAME)";
				PROVISIONING_PROFILE = "";
				TEST_HOST = "$(BUILT_PRODUCTS_DIR)/Digita11y.app/Digita11y";
			};
			name = Debug;
		};
		4E59468F1A9BB81B007ED02C /* Release */ = {
			isa = XCBuildConfiguration;
			baseConfigurationReference = B9DA8D7895CEE3286A469D80 /* Pods-Digita11yTests.release.xcconfig */;
			buildSettings = {
				BUNDLE_LOADER = "$(TEST_HOST)";
				CODE_SIGN_IDENTITY = "iPhone Developer";
				"CODE_SIGN_IDENTITY[sdk=iphoneos*]" = "iPhone Developer";
				FRAMEWORK_SEARCH_PATHS = (
					"$(SDKROOT)/Developer/Library/Frameworks",
					"$(inherited)",
				);
				INFOPLIST_FILE = Digita11yTests/Info.plist;
				LD_RUNPATH_SEARCH_PATHS = "$(inherited) @executable_path/Frameworks @loader_path/Frameworks";
				PRODUCT_NAME = "$(TARGET_NAME)";
				PROVISIONING_PROFILE = "";
				TEST_HOST = "$(BUILT_PRODUCTS_DIR)/Digita11y.app/Digita11y";
			};
			name = Release;
		};
/* End XCBuildConfiguration section */

/* Begin XCConfigurationList section */
		4E5946641A9BB81A007ED02C /* Build configuration list for PBXProject "Digita11y" */ = {
			isa = XCConfigurationList;
			buildConfigurations = (
				4E5946881A9BB81B007ED02C /* Debug */,
				4E5946891A9BB81B007ED02C /* Release */,
			);
			defaultConfigurationIsVisible = 0;
			defaultConfigurationName = Release;
		};
		4E59468A1A9BB81B007ED02C /* Build configuration list for PBXNativeTarget "Digita11y" */ = {
			isa = XCConfigurationList;
			buildConfigurations = (
				4E59468B1A9BB81B007ED02C /* Debug */,
				4E59468C1A9BB81B007ED02C /* Release */,
			);
			defaultConfigurationIsVisible = 0;
			defaultConfigurationName = Release;
		};
		4E59468D1A9BB81B007ED02C /* Build configuration list for PBXNativeTarget "Digita11yTests" */ = {
			isa = XCConfigurationList;
			buildConfigurations = (
				4E59468E1A9BB81B007ED02C /* Debug */,
				4E59468F1A9BB81B007ED02C /* Release */,
			);
			defaultConfigurationIsVisible = 0;
			defaultConfigurationName = Release;
		};
/* End XCConfigurationList section */
	};
	rootObject = 4E5946611A9BB81A007ED02C /* Project object */;
}
