// !$*UTF8*$!
{
	archiveVersion = 1;
	classes = {
	};
	objectVersion = 46;
	objects = {

/* Begin PBXBuildFile section */
		8A00CF4D1C9883960011C5D9 /* WelcomeViewModel.swift in Sources */ = {isa = PBXBuildFile; fileRef = 8A00CF4C1C9883960011C5D9 /* WelcomeViewModel.swift */; };
		8A00CF4F1C988AC00011C5D9 /* BaseViewModel.swift in Sources */ = {isa = PBXBuildFile; fileRef = 8A00CF4E1C988AC00011C5D9 /* BaseViewModel.swift */; };
		8A00CF511C9897140011C5D9 /* ChooseExhibitViewModel.swift in Sources */ = {isa = PBXBuildFile; fileRef = 8A00CF501C9897140011C5D9 /* ChooseExhibitViewModel.swift */; };
		8A00CF531C9899000011C5D9 /* TagsViewModel.swift in Sources */ = {isa = PBXBuildFile; fileRef = 8A00CF521C9899000011C5D9 /* TagsViewModel.swift */; };
		8A00CF551C98990C0011C5D9 /* ContributeViewModel.swift in Sources */ = {isa = PBXBuildFile; fileRef = 8A00CF541C98990C0011C5D9 /* ContributeViewModel.swift */; };
		8A00CF571C98AAC80011C5D9 /* SetupAudio.swift in Sources */ = {isa = PBXBuildFile; fileRef = 8A00CF561C98AAC80011C5D9 /* SetupAudio.swift */; };
		8A0C48011C7E85E100B11A25 /* UIButton+Border.swift in Sources */ = {isa = PBXBuildFile; fileRef = 8A0C48001C7E85E100B11A25 /* UIButton+Border.swift */; };
		8A2C20061CA4B094002A9245 /* AKPickerView.swift in Sources */ = {isa = PBXBuildFile; fileRef = 8A2C20051CA4B094002A9245 /* AKPickerView.swift */; };
		8A2C20081CA4CBC8002A9245 /* GalleryViewController.swift in Sources */ = {isa = PBXBuildFile; fileRef = 8A2C20071CA4CBC8002A9245 /* GalleryViewController.swift */; };
		8A2C200A1CA4CBE0002A9245 /* ReadViewController.swift in Sources */ = {isa = PBXBuildFile; fileRef = 8A2C20091CA4CBE0002A9245 /* ReadViewController.swift */; };
		8A2C200C1CA4CBF7002A9245 /* ReadViewModel.swift in Sources */ = {isa = PBXBuildFile; fileRef = 8A2C200B1CA4CBF7002A9245 /* ReadViewModel.swift */; };
		8A2C200E1CA4CC02002A9245 /* GalleryViewModel.swift in Sources */ = {isa = PBXBuildFile; fileRef = 8A2C200D1CA4CC02002A9245 /* GalleryViewModel.swift */; };
		8A2C98971CA36D4600DC281A /* UIItem.swift in Sources */ = {isa = PBXBuildFile; fileRef = 8A2C98961CA36D4600DC281A /* UIItem.swift */; };
		8A2C98991CA36D5200DC281A /* UIGroup.swift in Sources */ = {isa = PBXBuildFile; fileRef = 8A2C98981CA36D5200DC281A /* UIGroup.swift */; };
		8A404AF01CA4344C009E3E3B /* TagView.xib in Resources */ = {isa = PBXBuildFile; fileRef = 8A404AEE1CA4344C009E3E3B /* TagView.xib */; };
		8A404AF21CA43501009E3E3B /* TagView.swift in Sources */ = {isa = PBXBuildFile; fileRef = 8A404AF11CA43501009E3E3B /* TagView.swift */; };
		8A4BA3241C93978200D5DDC6 /* MapKit.framework in Frameworks */ = {isa = PBXBuildFile; fileRef = 8A4BA3231C93978200D5DDC6 /* MapKit.framework */; };
		8A4BA32A1C93DDEB00D5DDC6 /* RootNavigationViewController.swift in Sources */ = {isa = PBXBuildFile; fileRef = 8A4BA3291C93DDEB00D5DDC6 /* RootNavigationViewController.swift */; };
		8A4BA32C1C93EB5E00D5DDC6 /* PlayPauseButton.swift in Sources */ = {isa = PBXBuildFile; fileRef = 8A4BA32B1C93EB5E00D5DDC6 /* PlayPauseButton.swift */; };
		8A4BA32E1C93FF4500D5DDC6 /* MapViewController.swift in Sources */ = {isa = PBXBuildFile; fileRef = 8A4BA32D1C93FF4500D5DDC6 /* MapViewController.swift */; };
		8A58732F1CD0EE9B007C3844 /* NSURL+Query.swift in Sources */ = {isa = PBXBuildFile; fileRef = 8A58732E1CD0EE9B007C3844 /* NSURL+Query.swift */; };
		8A6598971C877399009A29C8 /* Digita11yTests.swift in Sources */ = {isa = PBXBuildFile; fileRef = 8A6598961C877399009A29C8 /* Digita11yTests.swift */; };
		8A6AB1291C9257FC0074083C /* UIButton+Tag.swift in Sources */ = {isa = PBXBuildFile; fileRef = 8A6AB1281C9257FC0074083C /* UIButton+Tag.swift */; };
		8AA4911E1C84C2C000422274 /* WelcomeViewController.swift in Sources */ = {isa = PBXBuildFile; fileRef = 8AA4911D1C84C2C000422274 /* WelcomeViewController.swift */; };
		8AA491201C84C32700422274 /* LocationViewController.swift in Sources */ = {isa = PBXBuildFile; fileRef = 8AA4911F1C84C32600422274 /* LocationViewController.swift */; };
		8AA491221C84C33D00422274 /* ChooseExhibitViewController.swift in Sources */ = {isa = PBXBuildFile; fileRef = 8AA491211C84C33D00422274 /* ChooseExhibitViewController.swift */; };
		8AA491261C84C39900422274 /* TagsViewController.swift in Sources */ = {isa = PBXBuildFile; fileRef = 8AA491251C84C39900422274 /* TagsViewController.swift */; };
		8AA491281C84C3A300422274 /* ContributeViewController.swift in Sources */ = {isa = PBXBuildFile; fileRef = 8AA491271C84C3A300422274 /* ContributeViewController.swift */; };
		8AA4912A1C84C3BE00422274 /* ThanksViewController.swift in Sources */ = {isa = PBXBuildFile; fileRef = 8AA491291C84C3BE00422274 /* ThanksViewController.swift */; };
		8AA4912C1C84C66E00422274 /* UILabel+Headline.swift in Sources */ = {isa = PBXBuildFile; fileRef = 8AA4912B1C84C66E00422274 /* UILabel+Headline.swift */; };
		8AA4912E1C84C68600422274 /* UILabel+Body.swift in Sources */ = {isa = PBXBuildFile; fileRef = 8AA4912D1C84C68600422274 /* UILabel+Body.swift */; };
		8AA491321C84C94800422274 /* UIColor+Digita11y.swift in Sources */ = {isa = PBXBuildFile; fileRef = 8AA491311C84C94800422274 /* UIColor+Digita11y.swift */; };
		8AA491341C84D25800422274 /* Project.swift in Sources */ = {isa = PBXBuildFile; fileRef = 8AA491331C84D25800422274 /* Project.swift */; };
		8AA85E661C7CF12D0086AA6B /* AppDelegate.swift in Sources */ = {isa = PBXBuildFile; fileRef = 8AA85E651C7CF12D0086AA6B /* AppDelegate.swift */; };
		8AA85E681C7CF12D0086AA6B /* ChooseProjectViewController.swift in Sources */ = {isa = PBXBuildFile; fileRef = 8AA85E671C7CF12D0086AA6B /* ChooseProjectViewController.swift */; };
		8AA85E6B1C7CF12D0086AA6B /* Main.storyboard in Resources */ = {isa = PBXBuildFile; fileRef = 8AA85E691C7CF12D0086AA6B /* Main.storyboard */; };
		8AA85E701C7CF12D0086AA6B /* LaunchScreen.storyboard in Resources */ = {isa = PBXBuildFile; fileRef = 8AA85E6E1C7CF12D0086AA6B /* LaunchScreen.storyboard */; };
		8AB65BC81C90CD73005D112B /* UILabel+SubHeadline.swift in Sources */ = {isa = PBXBuildFile; fileRef = 8AB65BC71C90CD73005D112B /* UILabel+SubHeadline.swift */; };
		8AB65BCA1C90CECD005D112B /* UIButton+White.swift in Sources */ = {isa = PBXBuildFile; fileRef = 8AB65BC91C90CECD005D112B /* UIButton+White.swift */; };
		8AB65BCC1C90D923005D112B /* RWFramework.plist in Resources */ = {isa = PBXBuildFile; fileRef = 8AB65BCB1C90D923005D112B /* RWFramework.plist */; };
		8AB65BD41C90DCD8005D112B /* Digita11yUITests.swift in Sources */ = {isa = PBXBuildFile; fileRef = 8AB65BD31C90DCD8005D112B /* Digita11yUITests.swift */; };
		8ABADE3E1C986E8D00660907 /* RWData.swift in Sources */ = {isa = PBXBuildFile; fileRef = 8ABADE3D1C986E8D00660907 /* RWData.swift */; };
		8ABADE421C986EB900660907 /* Stream.swift in Sources */ = {isa = PBXBuildFile; fileRef = 8ABADE411C986EB900660907 /* Stream.swift */; };
		8ABADE441C986ECF00660907 /* Asset.swift in Sources */ = {isa = PBXBuildFile; fileRef = 8ABADE431C986ECF00660907 /* Asset.swift */; };
		8ABADE461C9870EE00660907 /* TagGroup.swift in Sources */ = {isa = PBXBuildFile; fileRef = 8ABADE451C9870EE00660907 /* TagGroup.swift */; };
		8ABADE481C9871D200660907 /* BaseViewController.swift in Sources */ = {isa = PBXBuildFile; fileRef = 8ABADE471C9871D200660907 /* BaseViewController.swift */; };
		8ABADE4A1C98725000660907 /* RequestAssets.swift in Sources */ = {isa = PBXBuildFile; fileRef = 8ABADE491C98725000660907 /* RequestAssets.swift */; };
		8ABADE4D1C98732300660907 /* Tag.swift in Sources */ = {isa = PBXBuildFile; fileRef = 8ABADE4C1C98732300660907 /* Tag.swift */; };
		8ABADE4F1C98743600660907 /* RequestAssetText.swift in Sources */ = {isa = PBXBuildFile; fileRef = 8ABADE4E1C98743600660907 /* RequestAssetText.swift */; };
		8ABADE511C98764400660907 /* ChooseProjectViewModel.swift in Sources */ = {isa = PBXBuildFile; fileRef = 8ABADE501C98764400660907 /* ChooseProjectViewModel.swift */; };
		8ABADE541C987C5300660907 /* ThanksViewModel.swift in Sources */ = {isa = PBXBuildFile; fileRef = 8ABADE531C987C5300660907 /* ThanksViewModel.swift */; };
		8ADED7B51C7F773400BBB65C /* Assets.xcassets in Resources */ = {isa = PBXBuildFile; fileRef = 8ADED7B41C7F773400BBB65C /* Assets.xcassets */; };
		8ADED7B71C7F7F5200BBB65C /* UIViewAddBackground.swift in Sources */ = {isa = PBXBuildFile; fileRef = 8ADED7B61C7F7F5200BBB65C /* UIViewAddBackground.swift */; };
		8ADFBCBA1CBFDD760079B43A /* PageItemController.swift in Sources */ = {isa = PBXBuildFile; fileRef = 8ADFBCB91CBFDD760079B43A /* PageItemController.swift */; };
		BE82BC92E80BBB4CA0B8A713 /* Pods_Digita11y.framework in Frameworks */ = {isa = PBXBuildFile; fileRef = 622AAACFCD81D342B9F20D78 /* Pods_Digita11y.framework */; };
/* End PBXBuildFile section */

/* Begin PBXContainerItemProxy section */
		8A6598991C877399009A29C8 /* PBXContainerItemProxy */ = {
			isa = PBXContainerItemProxy;
			containerPortal = 8AA85E5A1C7CF12D0086AA6B /* Project object */;
			proxyType = 1;
			remoteGlobalIDString = 8AA85E611C7CF12D0086AA6B;
			remoteInfo = Digita11y;
		};
		8AB65BD61C90DCD8005D112B /* PBXContainerItemProxy */ = {
			isa = PBXContainerItemProxy;
			containerPortal = 8AA85E5A1C7CF12D0086AA6B /* Project object */;
			proxyType = 1;
			remoteGlobalIDString = 8AA85E611C7CF12D0086AA6B;
			remoteInfo = Digita11y;
		};
/* End PBXContainerItemProxy section */

/* Begin PBXFileReference section */
		1D332F49278593270CAB8C72 /* Pods-Digita11y.debug.xcconfig */ = {isa = PBXFileReference; includeInIndex = 1; lastKnownFileType = text.xcconfig; name = "Pods-Digita11y.debug.xcconfig"; path = "Pods/Target Support Files/Pods-Digita11y/Pods-Digita11y.debug.xcconfig"; sourceTree = "<group>"; };
		3705801AFC5389EC249AD8F7 /* Pods-Digita11y.release.xcconfig */ = {isa = PBXFileReference; includeInIndex = 1; lastKnownFileType = text.xcconfig; name = "Pods-Digita11y.release.xcconfig"; path = "Pods/Target Support Files/Pods-Digita11y/Pods-Digita11y.release.xcconfig"; sourceTree = "<group>"; };
		622AAACFCD81D342B9F20D78 /* Pods_Digita11y.framework */ = {isa = PBXFileReference; explicitFileType = wrapper.framework; includeInIndex = 0; path = Pods_Digita11y.framework; sourceTree = BUILT_PRODUCTS_DIR; };
		8A00CF4C1C9883960011C5D9 /* WelcomeViewModel.swift */ = {isa = PBXFileReference; fileEncoding = 4; lastKnownFileType = sourcecode.swift; path = WelcomeViewModel.swift; sourceTree = "<group>"; };
		8A00CF4E1C988AC00011C5D9 /* BaseViewModel.swift */ = {isa = PBXFileReference; fileEncoding = 4; lastKnownFileType = sourcecode.swift; path = BaseViewModel.swift; sourceTree = "<group>"; };
		8A00CF501C9897140011C5D9 /* ChooseExhibitViewModel.swift */ = {isa = PBXFileReference; fileEncoding = 4; lastKnownFileType = sourcecode.swift; path = ChooseExhibitViewModel.swift; sourceTree = "<group>"; };
		8A00CF521C9899000011C5D9 /* TagsViewModel.swift */ = {isa = PBXFileReference; fileEncoding = 4; lastKnownFileType = sourcecode.swift; path = TagsViewModel.swift; sourceTree = "<group>"; };
		8A00CF541C98990C0011C5D9 /* ContributeViewModel.swift */ = {isa = PBXFileReference; fileEncoding = 4; lastKnownFileType = sourcecode.swift; path = ContributeViewModel.swift; sourceTree = "<group>"; };
		8A00CF561C98AAC80011C5D9 /* SetupAudio.swift */ = {isa = PBXFileReference; fileEncoding = 4; lastKnownFileType = sourcecode.swift; path = SetupAudio.swift; sourceTree = "<group>"; };
		8A0C48001C7E85E100B11A25 /* UIButton+Border.swift */ = {isa = PBXFileReference; fileEncoding = 4; lastKnownFileType = sourcecode.swift; path = "UIButton+Border.swift"; sourceTree = "<group>"; };
		8A2C20051CA4B094002A9245 /* AKPickerView.swift */ = {isa = PBXFileReference; fileEncoding = 4; lastKnownFileType = sourcecode.swift; path = AKPickerView.swift; sourceTree = "<group>"; };
		8A2C20071CA4CBC8002A9245 /* GalleryViewController.swift */ = {isa = PBXFileReference; fileEncoding = 4; lastKnownFileType = sourcecode.swift; path = GalleryViewController.swift; sourceTree = "<group>"; };
		8A2C20091CA4CBE0002A9245 /* ReadViewController.swift */ = {isa = PBXFileReference; fileEncoding = 4; lastKnownFileType = sourcecode.swift; path = ReadViewController.swift; sourceTree = "<group>"; };
		8A2C200B1CA4CBF7002A9245 /* ReadViewModel.swift */ = {isa = PBXFileReference; fileEncoding = 4; lastKnownFileType = sourcecode.swift; path = ReadViewModel.swift; sourceTree = "<group>"; };
		8A2C200D1CA4CC02002A9245 /* GalleryViewModel.swift */ = {isa = PBXFileReference; fileEncoding = 4; lastKnownFileType = sourcecode.swift; path = GalleryViewModel.swift; sourceTree = "<group>"; };
		8A2C98961CA36D4600DC281A /* UIItem.swift */ = {isa = PBXFileReference; fileEncoding = 4; lastKnownFileType = sourcecode.swift; path = UIItem.swift; sourceTree = "<group>"; };
		8A2C98981CA36D5200DC281A /* UIGroup.swift */ = {isa = PBXFileReference; fileEncoding = 4; lastKnownFileType = sourcecode.swift; path = UIGroup.swift; sourceTree = "<group>"; };
		8A404AEE1CA4344C009E3E3B /* TagView.xib */ = {isa = PBXFileReference; fileEncoding = 4; lastKnownFileType = file.xib; path = TagView.xib; sourceTree = "<group>"; };
		8A404AF11CA43501009E3E3B /* TagView.swift */ = {isa = PBXFileReference; fileEncoding = 4; lastKnownFileType = sourcecode.swift; path = TagView.swift; sourceTree = "<group>"; };
		8A4BA3231C93978200D5DDC6 /* MapKit.framework */ = {isa = PBXFileReference; lastKnownFileType = wrapper.framework; name = MapKit.framework; path = System/Library/Frameworks/MapKit.framework; sourceTree = SDKROOT; };
		8A4BA3291C93DDEB00D5DDC6 /* RootNavigationViewController.swift */ = {isa = PBXFileReference; fileEncoding = 4; lastKnownFileType = sourcecode.swift; path = RootNavigationViewController.swift; sourceTree = "<group>"; };
		8A4BA32B1C93EB5E00D5DDC6 /* PlayPauseButton.swift */ = {isa = PBXFileReference; fileEncoding = 4; lastKnownFileType = sourcecode.swift; path = PlayPauseButton.swift; sourceTree = "<group>"; };
		8A4BA32D1C93FF4500D5DDC6 /* MapViewController.swift */ = {isa = PBXFileReference; fileEncoding = 4; lastKnownFileType = sourcecode.swift; path = MapViewController.swift; sourceTree = "<group>"; };
		8A58732E1CD0EE9B007C3844 /* NSURL+Query.swift */ = {isa = PBXFileReference; fileEncoding = 4; lastKnownFileType = sourcecode.swift; path = "NSURL+Query.swift"; sourceTree = "<group>"; };
		8A6598941C877398009A29C8 /* Digita11yTests.xctest */ = {isa = PBXFileReference; explicitFileType = wrapper.cfbundle; includeInIndex = 0; path = Digita11yTests.xctest; sourceTree = BUILT_PRODUCTS_DIR; };
		8A6598961C877399009A29C8 /* Digita11yTests.swift */ = {isa = PBXFileReference; lastKnownFileType = sourcecode.swift; path = Digita11yTests.swift; sourceTree = "<group>"; };
		8A6598981C877399009A29C8 /* Info.plist */ = {isa = PBXFileReference; lastKnownFileType = text.plist.xml; path = Info.plist; sourceTree = "<group>"; };
		8A6AB1281C9257FC0074083C /* UIButton+Tag.swift */ = {isa = PBXFileReference; fileEncoding = 4; lastKnownFileType = sourcecode.swift; path = "UIButton+Tag.swift"; sourceTree = "<group>"; };
		8AA4911D1C84C2C000422274 /* WelcomeViewController.swift */ = {isa = PBXFileReference; fileEncoding = 4; lastKnownFileType = sourcecode.swift; path = WelcomeViewController.swift; sourceTree = "<group>"; };
		8AA4911F1C84C32600422274 /* LocationViewController.swift */ = {isa = PBXFileReference; fileEncoding = 4; lastKnownFileType = sourcecode.swift; path = LocationViewController.swift; sourceTree = "<group>"; };
		8AA491211C84C33D00422274 /* ChooseExhibitViewController.swift */ = {isa = PBXFileReference; fileEncoding = 4; lastKnownFileType = sourcecode.swift; path = ChooseExhibitViewController.swift; sourceTree = "<group>"; };
		8AA491251C84C39900422274 /* TagsViewController.swift */ = {isa = PBXFileReference; fileEncoding = 4; lastKnownFileType = sourcecode.swift; path = TagsViewController.swift; sourceTree = "<group>"; };
		8AA491271C84C3A300422274 /* ContributeViewController.swift */ = {isa = PBXFileReference; fileEncoding = 4; lastKnownFileType = sourcecode.swift; path = ContributeViewController.swift; sourceTree = "<group>"; };
		8AA491291C84C3BE00422274 /* ThanksViewController.swift */ = {isa = PBXFileReference; fileEncoding = 4; lastKnownFileType = sourcecode.swift; path = ThanksViewController.swift; sourceTree = "<group>"; };
		8AA4912B1C84C66E00422274 /* UILabel+Headline.swift */ = {isa = PBXFileReference; fileEncoding = 4; lastKnownFileType = sourcecode.swift; path = "UILabel+Headline.swift"; sourceTree = "<group>"; };
		8AA4912D1C84C68600422274 /* UILabel+Body.swift */ = {isa = PBXFileReference; fileEncoding = 4; lastKnownFileType = sourcecode.swift; path = "UILabel+Body.swift"; sourceTree = "<group>"; };
		8AA491311C84C94800422274 /* UIColor+Digita11y.swift */ = {isa = PBXFileReference; fileEncoding = 4; lastKnownFileType = sourcecode.swift; path = "UIColor+Digita11y.swift"; sourceTree = "<group>"; };
		8AA491331C84D25800422274 /* Project.swift */ = {isa = PBXFileReference; fileEncoding = 4; lastKnownFileType = sourcecode.swift; path = Project.swift; sourceTree = "<group>"; };
		8AA85E621C7CF12D0086AA6B /* Digita11y.app */ = {isa = PBXFileReference; explicitFileType = wrapper.application; includeInIndex = 0; path = Digita11y.app; sourceTree = BUILT_PRODUCTS_DIR; };
		8AA85E651C7CF12D0086AA6B /* AppDelegate.swift */ = {isa = PBXFileReference; lastKnownFileType = sourcecode.swift; path = AppDelegate.swift; sourceTree = "<group>"; };
		8AA85E671C7CF12D0086AA6B /* ChooseProjectViewController.swift */ = {isa = PBXFileReference; lastKnownFileType = sourcecode.swift; path = ChooseProjectViewController.swift; sourceTree = "<group>"; };
		8AA85E6A1C7CF12D0086AA6B /* Base */ = {isa = PBXFileReference; lastKnownFileType = file.storyboard; name = Base; path = Base.lproj/Main.storyboard; sourceTree = "<group>"; };
		8AA85E6F1C7CF12D0086AA6B /* Base */ = {isa = PBXFileReference; lastKnownFileType = file.storyboard; name = Base; path = Base.lproj/LaunchScreen.storyboard; sourceTree = "<group>"; };
		8AA85E711C7CF12D0086AA6B /* Info.plist */ = {isa = PBXFileReference; lastKnownFileType = text.plist.xml; path = Info.plist; sourceTree = "<group>"; };
		8AB65BC71C90CD73005D112B /* UILabel+SubHeadline.swift */ = {isa = PBXFileReference; fileEncoding = 4; lastKnownFileType = sourcecode.swift; path = "UILabel+SubHeadline.swift"; sourceTree = "<group>"; };
		8AB65BC91C90CECD005D112B /* UIButton+White.swift */ = {isa = PBXFileReference; fileEncoding = 4; lastKnownFileType = sourcecode.swift; path = "UIButton+White.swift"; sourceTree = "<group>"; };
		8AB65BCB1C90D923005D112B /* RWFramework.plist */ = {isa = PBXFileReference; fileEncoding = 4; lastKnownFileType = text.plist.xml; path = RWFramework.plist; sourceTree = "<group>"; };
		8AB65BD11C90DCD8005D112B /* Digita11yUITests.xctest */ = {isa = PBXFileReference; explicitFileType = wrapper.cfbundle; includeInIndex = 0; path = Digita11yUITests.xctest; sourceTree = BUILT_PRODUCTS_DIR; };
		8AB65BD31C90DCD8005D112B /* Digita11yUITests.swift */ = {isa = PBXFileReference; lastKnownFileType = sourcecode.swift; path = Digita11yUITests.swift; sourceTree = "<group>"; };
		8AB65BD51C90DCD8005D112B /* Info.plist */ = {isa = PBXFileReference; lastKnownFileType = text.plist.xml; path = Info.plist; sourceTree = "<group>"; };
		8ABADE3D1C986E8D00660907 /* RWData.swift */ = {isa = PBXFileReference; fileEncoding = 4; lastKnownFileType = sourcecode.swift; path = RWData.swift; sourceTree = "<group>"; };
		8ABADE411C986EB900660907 /* Stream.swift */ = {isa = PBXFileReference; fileEncoding = 4; lastKnownFileType = sourcecode.swift; path = Stream.swift; sourceTree = "<group>"; };
		8ABADE431C986ECF00660907 /* Asset.swift */ = {isa = PBXFileReference; fileEncoding = 4; lastKnownFileType = sourcecode.swift; path = Asset.swift; sourceTree = "<group>"; };
		8ABADE451C9870EE00660907 /* TagGroup.swift */ = {isa = PBXFileReference; fileEncoding = 4; lastKnownFileType = sourcecode.swift; path = TagGroup.swift; sourceTree = "<group>"; };
		8ABADE471C9871D200660907 /* BaseViewController.swift */ = {isa = PBXFileReference; fileEncoding = 4; lastKnownFileType = sourcecode.swift; path = BaseViewController.swift; sourceTree = "<group>"; };
		8ABADE491C98725000660907 /* RequestAssets.swift */ = {isa = PBXFileReference; fileEncoding = 4; lastKnownFileType = sourcecode.swift; path = RequestAssets.swift; sourceTree = "<group>"; };
		8ABADE4C1C98732300660907 /* Tag.swift */ = {isa = PBXFileReference; fileEncoding = 4; lastKnownFileType = sourcecode.swift; path = Tag.swift; sourceTree = "<group>"; };
		8ABADE4E1C98743600660907 /* RequestAssetText.swift */ = {isa = PBXFileReference; fileEncoding = 4; lastKnownFileType = sourcecode.swift; path = RequestAssetText.swift; sourceTree = "<group>"; };
		8ABADE501C98764400660907 /* ChooseProjectViewModel.swift */ = {isa = PBXFileReference; fileEncoding = 4; lastKnownFileType = sourcecode.swift; path = ChooseProjectViewModel.swift; sourceTree = "<group>"; };
		8ABADE531C987C5300660907 /* ThanksViewModel.swift */ = {isa = PBXFileReference; fileEncoding = 4; lastKnownFileType = sourcecode.swift; path = ThanksViewModel.swift; sourceTree = "<group>"; };
		8ADED7B41C7F773400BBB65C /* Assets.xcassets */ = {isa = PBXFileReference; lastKnownFileType = folder.assetcatalog; path = Assets.xcassets; sourceTree = "<group>"; };
		8ADED7B61C7F7F5200BBB65C /* UIViewAddBackground.swift */ = {isa = PBXFileReference; fileEncoding = 4; lastKnownFileType = sourcecode.swift; path = UIViewAddBackground.swift; sourceTree = "<group>"; };
		8ADFBCB91CBFDD760079B43A /* PageItemController.swift */ = {isa = PBXFileReference; fileEncoding = 4; lastKnownFileType = sourcecode.swift; path = PageItemController.swift; sourceTree = "<group>"; };
/* End PBXFileReference section */

/* Begin PBXFrameworksBuildPhase section */
		8A6598911C877398009A29C8 /* Frameworks */ = {
			isa = PBXFrameworksBuildPhase;
			buildActionMask = 2147483647;
			files = (
			);
			runOnlyForDeploymentPostprocessing = 0;
		};
		8AA85E5F1C7CF12D0086AA6B /* Frameworks */ = {
			isa = PBXFrameworksBuildPhase;
			buildActionMask = 2147483647;
			files = (
				8A4BA3241C93978200D5DDC6 /* MapKit.framework in Frameworks */,
				BE82BC92E80BBB4CA0B8A713 /* Pods_Digita11y.framework in Frameworks */,
			);
			runOnlyForDeploymentPostprocessing = 0;
		};
		8AB65BCE1C90DCD8005D112B /* Frameworks */ = {
			isa = PBXFrameworksBuildPhase;
			buildActionMask = 2147483647;
			files = (
			);
			runOnlyForDeploymentPostprocessing = 0;
		};
/* End PBXFrameworksBuildPhase section */

/* Begin PBXGroup section */
		8A6598951C877399009A29C8 /* Digita11yTests */ = {
			isa = PBXGroup;
			children = (
				8A6598961C877399009A29C8 /* Digita11yTests.swift */,
				8A6598981C877399009A29C8 /* Info.plist */,
			);
			path = Digita11yTests;
			sourceTree = "<group>";
		};
		8AA491231C84C36900422274 /* Controllers */ = {
			isa = PBXGroup;
			children = (
				8A4BA3291C93DDEB00D5DDC6 /* RootNavigationViewController.swift */,
				8AA85E671C7CF12D0086AA6B /* ChooseProjectViewController.swift */,
				8AA4911D1C84C2C000422274 /* WelcomeViewController.swift */,
				8AA4911F1C84C32600422274 /* LocationViewController.swift */,
				8AA491211C84C33D00422274 /* ChooseExhibitViewController.swift */,
				8AA491251C84C39900422274 /* TagsViewController.swift */,
				8A2C20071CA4CBC8002A9245 /* GalleryViewController.swift */,
				8ADFBCB91CBFDD760079B43A /* PageItemController.swift */,
				8A2C20091CA4CBE0002A9245 /* ReadViewController.swift */,
				8A4BA32D1C93FF4500D5DDC6 /* MapViewController.swift */,
				8AA491271C84C3A300422274 /* ContributeViewController.swift */,
				8AA491291C84C3BE00422274 /* ThanksViewController.swift */,
				8ABADE471C9871D200660907 /* BaseViewController.swift */,
			);
			name = Controllers;
			sourceTree = "<group>";
		};
		8AA491241C84C37700422274 /* Categories */ = {
			isa = PBXGroup;
			children = (
				8A58732E1CD0EE9B007C3844 /* NSURL+Query.swift */,
				8A2C20051CA4B094002A9245 /* AKPickerView.swift */,
				8A4BA32B1C93EB5E00D5DDC6 /* PlayPauseButton.swift */,
				8A0C48001C7E85E100B11A25 /* UIButton+Border.swift */,
				8AB65BC91C90CECD005D112B /* UIButton+White.swift */,
				8A6AB1281C9257FC0074083C /* UIButton+Tag.swift */,
				8AA4912B1C84C66E00422274 /* UILabel+Headline.swift */,
				8AB65BC71C90CD73005D112B /* UILabel+SubHeadline.swift */,
				8AA4912D1C84C68600422274 /* UILabel+Body.swift */,
				8AA491311C84C94800422274 /* UIColor+Digita11y.swift */,
				8ADED7B61C7F7F5200BBB65C /* UIViewAddBackground.swift */,
			);
			name = Categories;
			sourceTree = "<group>";
		};
		8AA491371C84D26C00422274 /* Models */ = {
			isa = PBXGroup;
			children = (
				8ABADE3D1C986E8D00660907 /* RWData.swift */,
				8ABADE4C1C98732300660907 /* Tag.swift */,
				8A2C98961CA36D4600DC281A /* UIItem.swift */,
				8A2C98981CA36D5200DC281A /* UIGroup.swift */,
				8ABADE431C986ECF00660907 /* Asset.swift */,
				8AA491331C84D25800422274 /* Project.swift */,
				8ABADE451C9870EE00660907 /* TagGroup.swift */,
				8ABADE411C986EB900660907 /* Stream.swift */,
			);
			name = Models;
			sourceTree = "<group>";
		};
		8AA85E591C7CF12D0086AA6B = {
			isa = PBXGroup;
			children = (
				8AA85E641C7CF12D0086AA6B /* Digita11y */,
				8A6598951C877399009A29C8 /* Digita11yTests */,
				8AB65BD21C90DCD8005D112B /* Digita11yUITests */,
				8AA85E631C7CF12D0086AA6B /* Products */,
				C8C4A559F9278AAC4FDB8C39 /* Pods */,
				D9348D313BC9C2576BAD64D6 /* Frameworks */,
			);
			sourceTree = "<group>";
		};
		8AA85E631C7CF12D0086AA6B /* Products */ = {
			isa = PBXGroup;
			children = (
				8AA85E621C7CF12D0086AA6B /* Digita11y.app */,
				8A6598941C877398009A29C8 /* Digita11yTests.xctest */,
				8AB65BD11C90DCD8005D112B /* Digita11yUITests.xctest */,
			);
			name = Products;
			sourceTree = "<group>";
		};
		8AA85E641C7CF12D0086AA6B /* Digita11y */ = {
			isa = PBXGroup;
			children = (
				8AA85E651C7CF12D0086AA6B /* AppDelegate.swift */,
				8ABADE4B1C98725600660907 /* Operations */,
				8AA491371C84D26C00422274 /* Models */,
				8ABADE521C98764A00660907 /* View Models */,
				8AA491231C84C36900422274 /* Controllers */,
				8AC0C40F1C888C1D00D4847E /* Views */,
				8AA491241C84C37700422274 /* Categories */,
				8ADED7B41C7F773400BBB65C /* Assets.xcassets */,
				8AB65BCB1C90D923005D112B /* RWFramework.plist */,
				8AA85E711C7CF12D0086AA6B /* Info.plist */,
			);
			path = Digita11y;
			sourceTree = "<group>";
		};
		8AB65BD21C90DCD8005D112B /* Digita11yUITests */ = {
			isa = PBXGroup;
			children = (
				8AB65BD31C90DCD8005D112B /* Digita11yUITests.swift */,
				8AB65BD51C90DCD8005D112B /* Info.plist */,
			);
			path = Digita11yUITests;
			sourceTree = "<group>";
		};
		8ABADE4B1C98725600660907 /* Operations */ = {
			isa = PBXGroup;
			children = (
				8ABADE4E1C98743600660907 /* RequestAssetText.swift */,
				8ABADE491C98725000660907 /* RequestAssets.swift */,
				8A00CF561C98AAC80011C5D9 /* SetupAudio.swift */,
			);
			name = Operations;
			sourceTree = "<group>";
		};
		8ABADE521C98764A00660907 /* View Models */ = {
			isa = PBXGroup;
			children = (
				8ABADE501C98764400660907 /* ChooseProjectViewModel.swift */,
				8A00CF4C1C9883960011C5D9 /* WelcomeViewModel.swift */,
				8A00CF501C9897140011C5D9 /* ChooseExhibitViewModel.swift */,
				8A00CF521C9899000011C5D9 /* TagsViewModel.swift */,
				8A2C200D1CA4CC02002A9245 /* GalleryViewModel.swift */,
				8A2C200B1CA4CBF7002A9245 /* ReadViewModel.swift */,
				8A00CF541C98990C0011C5D9 /* ContributeViewModel.swift */,
				8ABADE531C987C5300660907 /* ThanksViewModel.swift */,
				8A00CF4E1C988AC00011C5D9 /* BaseViewModel.swift */,
			);
			name = "View Models";
			sourceTree = "<group>";
		};
		8AC0C40F1C888C1D00D4847E /* Views */ = {
			isa = PBXGroup;
			children = (
				8AA85E691C7CF12D0086AA6B /* Main.storyboard */,
				8A404AEE1CA4344C009E3E3B /* TagView.xib */,
				8A404AF11CA43501009E3E3B /* TagView.swift */,
				8AA85E6E1C7CF12D0086AA6B /* LaunchScreen.storyboard */,
			);
			name = Views;
			sourceTree = "<group>";
		};
		C8C4A559F9278AAC4FDB8C39 /* Pods */ = {
			isa = PBXGroup;
			children = (
				1D332F49278593270CAB8C72 /* Pods-Digita11y.debug.xcconfig */,
				3705801AFC5389EC249AD8F7 /* Pods-Digita11y.release.xcconfig */,
			);
			name = Pods;
			sourceTree = "<group>";
		};
		D9348D313BC9C2576BAD64D6 /* Frameworks */ = {
			isa = PBXGroup;
			children = (
				8A4BA3231C93978200D5DDC6 /* MapKit.framework */,
				622AAACFCD81D342B9F20D78 /* Pods_Digita11y.framework */,
			);
			name = Frameworks;
			sourceTree = "<group>";
		};
/* End PBXGroup section */

/* Begin PBXNativeTarget section */
		8A6598931C877398009A29C8 /* Digita11yTests */ = {
			isa = PBXNativeTarget;
			buildConfigurationList = 8A65989B1C877399009A29C8 /* Build configuration list for PBXNativeTarget "Digita11yTests" */;
			buildPhases = (
				8A6598901C877398009A29C8 /* Sources */,
				8A6598911C877398009A29C8 /* Frameworks */,
				8A6598921C877398009A29C8 /* Resources */,
			);
			buildRules = (
			);
			dependencies = (
				8A65989A1C877399009A29C8 /* PBXTargetDependency */,
			);
			name = Digita11yTests;
			productName = Digita11yTests;
			productReference = 8A6598941C877398009A29C8 /* Digita11yTests.xctest */;
			productType = "com.apple.product-type.bundle.unit-test";
		};
		8AA85E611C7CF12D0086AA6B /* Digita11y */ = {
			isa = PBXNativeTarget;
			buildConfigurationList = 8AA85E741C7CF12D0086AA6B /* Build configuration list for PBXNativeTarget "Digita11y" */;
			buildPhases = (
				E7605E8C507ED8B1BE4AA4F1 /* Check Pods Manifest.lock */,
				8AA85E5E1C7CF12D0086AA6B /* Sources */,
				8AA85E5F1C7CF12D0086AA6B /* Frameworks */,
				8AA85E601C7CF12D0086AA6B /* Resources */,
				E32C329C9A1831B4AEF09142 /* Embed Pods Frameworks */,
				DB92F13EC668BA1D41619686 /* Copy Pods Resources */,
				8ADED7B81C7F8FB600BBB65C /* ShellScript */,
			);
			buildRules = (
			);
			dependencies = (
			);
			name = Digita11y;
			productName = Digita11y;
			productReference = 8AA85E621C7CF12D0086AA6B /* Digita11y.app */;
			productType = "com.apple.product-type.application";
		};
		8AB65BD01C90DCD8005D112B /* Digita11yUITests */ = {
			isa = PBXNativeTarget;
			buildConfigurationList = 8AB65BD81C90DCD8005D112B /* Build configuration list for PBXNativeTarget "Digita11yUITests" */;
			buildPhases = (
				8AB65BCD1C90DCD8005D112B /* Sources */,
				8AB65BCE1C90DCD8005D112B /* Frameworks */,
				8AB65BCF1C90DCD8005D112B /* Resources */,
			);
			buildRules = (
			);
			dependencies = (
				8AB65BD71C90DCD8005D112B /* PBXTargetDependency */,
			);
			name = Digita11yUITests;
			productName = Digita11yUITests;
			productReference = 8AB65BD11C90DCD8005D112B /* Digita11yUITests.xctest */;
			productType = "com.apple.product-type.bundle.ui-testing";
		};
/* End PBXNativeTarget section */

/* Begin PBXProject section */
		8AA85E5A1C7CF12D0086AA6B /* Project object */ = {
			isa = PBXProject;
			attributes = {
				LastSwiftUpdateCheck = 0720;
				LastUpgradeCheck = 0720;
				ORGANIZATIONNAME = Roundware;
				TargetAttributes = {
					8A6598931C877398009A29C8 = {
						CreatedOnToolsVersion = 7.2.1;
						TestTargetID = 8AA85E611C7CF12D0086AA6B;
					};
					8AA85E611C7CF12D0086AA6B = {
						CreatedOnToolsVersion = 7.2.1;
						SystemCapabilities = {
							com.apple.BackgroundModes = {
								enabled = 1;
							};
							com.apple.Maps.iOS = {
								enabled = 1;
							};
						};
					};
					8AB65BD01C90DCD8005D112B = {
						CreatedOnToolsVersion = 7.2.1;
						TestTargetID = 8AA85E611C7CF12D0086AA6B;
					};
				};
			};
			buildConfigurationList = 8AA85E5D1C7CF12D0086AA6B /* Build configuration list for PBXProject "Digita11y" */;
			compatibilityVersion = "Xcode 3.2";
			developmentRegion = English;
			hasScannedForEncodings = 0;
			knownRegions = (
				en,
				Base,
			);
			mainGroup = 8AA85E591C7CF12D0086AA6B;
			productRefGroup = 8AA85E631C7CF12D0086AA6B /* Products */;
			projectDirPath = "";
			projectRoot = "";
			targets = (
				8AA85E611C7CF12D0086AA6B /* Digita11y */,
				8A6598931C877398009A29C8 /* Digita11yTests */,
				8AB65BD01C90DCD8005D112B /* Digita11yUITests */,
			);
		};
/* End PBXProject section */

/* Begin PBXResourcesBuildPhase section */
		8A6598921C877398009A29C8 /* Resources */ = {
			isa = PBXResourcesBuildPhase;
			buildActionMask = 2147483647;
			files = (
			);
			runOnlyForDeploymentPostprocessing = 0;
		};
		8AA85E601C7CF12D0086AA6B /* Resources */ = {
			isa = PBXResourcesBuildPhase;
			buildActionMask = 2147483647;
			files = (
				8AA85E701C7CF12D0086AA6B /* LaunchScreen.storyboard in Resources */,
				8A404AF01CA4344C009E3E3B /* TagView.xib in Resources */,
				8ADED7B51C7F773400BBB65C /* Assets.xcassets in Resources */,
				8AB65BCC1C90D923005D112B /* RWFramework.plist in Resources */,
				8AA85E6B1C7CF12D0086AA6B /* Main.storyboard in Resources */,
			);
			runOnlyForDeploymentPostprocessing = 0;
		};
		8AB65BCF1C90DCD8005D112B /* Resources */ = {
			isa = PBXResourcesBuildPhase;
			buildActionMask = 2147483647;
			files = (
			);
			runOnlyForDeploymentPostprocessing = 0;
		};
/* End PBXResourcesBuildPhase section */

/* Begin PBXShellScriptBuildPhase section */
		8ADED7B81C7F8FB600BBB65C /* ShellScript */ = {
			isa = PBXShellScriptBuildPhase;
			buildActionMask = 2147483647;
			files = (
			);
			inputPaths = (
			);
			outputPaths = (
			);
			runOnlyForDeploymentPostprocessing = 0;
			shellPath = /bin/sh;
			shellScript = "\"${PODS_ROOT}/Fabric/run\" 9a7986366f0e38594bbd2f373c2943145f22534e 910d97329292a6f1fba8d511bc42c6e7ec8ed1685f928dd83008e64fb14604e8";
		};
		DB92F13EC668BA1D41619686 /* Copy Pods Resources */ = {
			isa = PBXShellScriptBuildPhase;
			buildActionMask = 2147483647;
			files = (
			);
			inputPaths = (
			);
			name = "Copy Pods Resources";
			outputPaths = (
			);
			runOnlyForDeploymentPostprocessing = 0;
			shellPath = /bin/sh;
			shellScript = "\"${SRCROOT}/Pods/Target Support Files/Pods-Digita11y/Pods-Digita11y-resources.sh\"\n";
			showEnvVarsInLog = 0;
		};
		E32C329C9A1831B4AEF09142 /* Embed Pods Frameworks */ = {
			isa = PBXShellScriptBuildPhase;
			buildActionMask = 2147483647;
			files = (
			);
			inputPaths = (
			);
			name = "Embed Pods Frameworks";
			outputPaths = (
			);
			runOnlyForDeploymentPostprocessing = 0;
			shellPath = /bin/sh;
			shellScript = "\"${SRCROOT}/Pods/Target Support Files/Pods-Digita11y/Pods-Digita11y-frameworks.sh\"\n";
			showEnvVarsInLog = 0;
		};
		E7605E8C507ED8B1BE4AA4F1 /* Check Pods Manifest.lock */ = {
			isa = PBXShellScriptBuildPhase;
			buildActionMask = 2147483647;
			files = (
			);
			inputPaths = (
			);
			name = "Check Pods Manifest.lock";
			outputPaths = (
			);
			runOnlyForDeploymentPostprocessing = 0;
			shellPath = /bin/sh;
			shellScript = "diff \"${PODS_ROOT}/../Podfile.lock\" \"${PODS_ROOT}/Manifest.lock\" > /dev/null\nif [[ $? != 0 ]] ; then\n    cat << EOM\nerror: The sandbox is not in sync with the Podfile.lock. Run 'pod install' or update your CocoaPods installation.\nEOM\n    exit 1\nfi\n";
			showEnvVarsInLog = 0;
		};
/* End PBXShellScriptBuildPhase section */

/* Begin PBXSourcesBuildPhase section */
		8A6598901C877398009A29C8 /* Sources */ = {
			isa = PBXSourcesBuildPhase;
			buildActionMask = 2147483647;
			files = (
				8A6598971C877399009A29C8 /* Digita11yTests.swift in Sources */,
			);
			runOnlyForDeploymentPostprocessing = 0;
		};
		8AA85E5E1C7CF12D0086AA6B /* Sources */ = {
			isa = PBXSourcesBuildPhase;
			buildActionMask = 2147483647;
			files = (
				8A2C200C1CA4CBF7002A9245 /* ReadViewModel.swift in Sources */,
				8AA85E681C7CF12D0086AA6B /* ChooseProjectViewController.swift in Sources */,
				8AB65BC81C90CD73005D112B /* UILabel+SubHeadline.swift in Sources */,
				8A58732F1CD0EE9B007C3844 /* NSURL+Query.swift in Sources */,
				8AA491321C84C94800422274 /* UIColor+Digita11y.swift in Sources */,
				8ABADE421C986EB900660907 /* Stream.swift in Sources */,
				8ABADE541C987C5300660907 /* ThanksViewModel.swift in Sources */,
				8A2C20061CA4B094002A9245 /* AKPickerView.swift in Sources */,
				8A00CF571C98AAC80011C5D9 /* SetupAudio.swift in Sources */,
				8ABADE481C9871D200660907 /* BaseViewController.swift in Sources */,
				8AA491281C84C3A300422274 /* ContributeViewController.swift in Sources */,
				8A00CF511C9897140011C5D9 /* ChooseExhibitViewModel.swift in Sources */,
				8A2C200A1CA4CBE0002A9245 /* ReadViewController.swift in Sources */,
				8A4BA32A1C93DDEB00D5DDC6 /* RootNavigationViewController.swift in Sources */,
				8A2C98991CA36D5200DC281A /* UIGroup.swift in Sources */,
				8AA491261C84C39900422274 /* TagsViewController.swift in Sources */,
				8A00CF531C9899000011C5D9 /* TagsViewModel.swift in Sources */,
				8A00CF4D1C9883960011C5D9 /* WelcomeViewModel.swift in Sources */,
				8AA4912C1C84C66E00422274 /* UILabel+Headline.swift in Sources */,
				8A2C20081CA4CBC8002A9245 /* GalleryViewController.swift in Sources */,
				8ABADE461C9870EE00660907 /* TagGroup.swift in Sources */,
				8AA4912E1C84C68600422274 /* UILabel+Body.swift in Sources */,
				8AA491221C84C33D00422274 /* ChooseExhibitViewController.swift in Sources */,
				8ABADE3E1C986E8D00660907 /* RWData.swift in Sources */,
				8A2C98971CA36D4600DC281A /* UIItem.swift in Sources */,
				8AB65BCA1C90CECD005D112B /* UIButton+White.swift in Sources */,
				8A6AB1291C9257FC0074083C /* UIButton+Tag.swift in Sources */,
				8A00CF551C98990C0011C5D9 /* ContributeViewModel.swift in Sources */,
				8ADFBCBA1CBFDD760079B43A /* PageItemController.swift in Sources */,
				8ABADE441C986ECF00660907 /* Asset.swift in Sources */,
				8A4BA32E1C93FF4500D5DDC6 /* MapViewController.swift in Sources */,
				8A2C200E1CA4CC02002A9245 /* GalleryViewModel.swift in Sources */,
				8AA4911E1C84C2C000422274 /* WelcomeViewController.swift in Sources */,
				8AA4912A1C84C3BE00422274 /* ThanksViewController.swift in Sources */,
				8ABADE4F1C98743600660907 /* RequestAssetText.swift in Sources */,
				8AA491341C84D25800422274 /* Project.swift in Sources */,
				8A00CF4F1C988AC00011C5D9 /* BaseViewModel.swift in Sources */,
				8A0C48011C7E85E100B11A25 /* UIButton+Border.swift in Sources */,
				8A4BA32C1C93EB5E00D5DDC6 /* PlayPauseButton.swift in Sources */,
				8A404AF21CA43501009E3E3B /* TagView.swift in Sources */,
				8ABADE4A1C98725000660907 /* RequestAssets.swift in Sources */,
				8AA491201C84C32700422274 /* LocationViewController.swift in Sources */,
				8ABADE4D1C98732300660907 /* Tag.swift in Sources */,
				8ADED7B71C7F7F5200BBB65C /* UIViewAddBackground.swift in Sources */,
				8ABADE511C98764400660907 /* ChooseProjectViewModel.swift in Sources */,
				8AA85E661C7CF12D0086AA6B /* AppDelegate.swift in Sources */,
			);
			runOnlyForDeploymentPostprocessing = 0;
		};
		8AB65BCD1C90DCD8005D112B /* Sources */ = {
			isa = PBXSourcesBuildPhase;
			buildActionMask = 2147483647;
			files = (
				8AB65BD41C90DCD8005D112B /* Digita11yUITests.swift in Sources */,
			);
			runOnlyForDeploymentPostprocessing = 0;
		};
/* End PBXSourcesBuildPhase section */

/* Begin PBXTargetDependency section */
		8A65989A1C877399009A29C8 /* PBXTargetDependency */ = {
			isa = PBXTargetDependency;
			target = 8AA85E611C7CF12D0086AA6B /* Digita11y */;
			targetProxy = 8A6598991C877399009A29C8 /* PBXContainerItemProxy */;
		};
		8AB65BD71C90DCD8005D112B /* PBXTargetDependency */ = {
			isa = PBXTargetDependency;
			target = 8AA85E611C7CF12D0086AA6B /* Digita11y */;
			targetProxy = 8AB65BD61C90DCD8005D112B /* PBXContainerItemProxy */;
		};
/* End PBXTargetDependency section */

/* Begin PBXVariantGroup section */
		8AA85E691C7CF12D0086AA6B /* Main.storyboard */ = {
			isa = PBXVariantGroup;
			children = (
				8AA85E6A1C7CF12D0086AA6B /* Base */,
			);
			name = Main.storyboard;
			sourceTree = "<group>";
		};
		8AA85E6E1C7CF12D0086AA6B /* LaunchScreen.storyboard */ = {
			isa = PBXVariantGroup;
			children = (
				8AA85E6F1C7CF12D0086AA6B /* Base */,
			);
			name = LaunchScreen.storyboard;
			sourceTree = "<group>";
		};
/* End PBXVariantGroup section */

/* Begin XCBuildConfiguration section */
		8A65989C1C877399009A29C8 /* Debug */ = {
			isa = XCBuildConfiguration;
			buildSettings = {
				BUNDLE_LOADER = "$(TEST_HOST)";
				INFOPLIST_FILE = Digita11yTests/Info.plist;
				LD_RUNPATH_SEARCH_PATHS = "$(inherited) @executable_path/Frameworks @loader_path/Frameworks";
				PRODUCT_BUNDLE_IDENTIFIER = org.roundware.Digita11yTests;
				PRODUCT_NAME = "$(TARGET_NAME)";
				TEST_HOST = "$(BUILT_PRODUCTS_DIR)/Digita11y.app/Digita11y";
			};
			name = Debug;
		};
		8A65989D1C877399009A29C8 /* Release */ = {
			isa = XCBuildConfiguration;
			buildSettings = {
				BUNDLE_LOADER = "$(TEST_HOST)";
				"CODE_SIGN_IDENTITY[sdk=iphoneos*]" = "iPhone Developer";
				INFOPLIST_FILE = Digita11yTests/Info.plist;
				LD_RUNPATH_SEARCH_PATHS = "$(inherited) @executable_path/Frameworks @loader_path/Frameworks";
				PRODUCT_BUNDLE_IDENTIFIER = org.roundware.Digita11yTests;
				PRODUCT_NAME = "$(TARGET_NAME)";
				TEST_HOST = "$(BUILT_PRODUCTS_DIR)/Digita11y.app/Digita11y";
			};
			name = Release;
		};
		8AA85E721C7CF12D0086AA6B /* Debug */ = {
			isa = XCBuildConfiguration;
			buildSettings = {
				ALWAYS_SEARCH_USER_PATHS = NO;
				CLANG_CXX_LANGUAGE_STANDARD = "gnu++0x";
				CLANG_CXX_LIBRARY = "libc++";
				CLANG_ENABLE_MODULES = YES;
				CLANG_ENABLE_OBJC_ARC = YES;
				CLANG_WARN_BOOL_CONVERSION = YES;
				CLANG_WARN_CONSTANT_CONVERSION = YES;
				CLANG_WARN_DIRECT_OBJC_ISA_USAGE = YES_ERROR;
				CLANG_WARN_EMPTY_BODY = YES;
				CLANG_WARN_ENUM_CONVERSION = YES;
				CLANG_WARN_INT_CONVERSION = YES;
				CLANG_WARN_OBJC_ROOT_CLASS = YES_ERROR;
				CLANG_WARN_UNREACHABLE_CODE = YES;
				CLANG_WARN__DUPLICATE_METHOD_MATCH = YES;
				"CODE_SIGN_IDENTITY[sdk=iphoneos*]" = "iPhone Developer";
				COPY_PHASE_STRIP = NO;
				DEBUG_INFORMATION_FORMAT = dwarf;
				DEFINES_MODULE = YES;
				ENABLE_STRICT_OBJC_MSGSEND = YES;
				ENABLE_TESTABILITY = YES;
				GCC_C_LANGUAGE_STANDARD = gnu99;
				GCC_DYNAMIC_NO_PIC = NO;
				GCC_NO_COMMON_BLOCKS = YES;
				GCC_OPTIMIZATION_LEVEL = 0;
				GCC_PREPROCESSOR_DEFINITIONS = (
					"DEBUG=1",
					"$(inherited)",
				);
				GCC_WARN_64_TO_32_BIT_CONVERSION = YES;
				GCC_WARN_ABOUT_RETURN_TYPE = YES_ERROR;
				GCC_WARN_UNDECLARED_SELECTOR = YES;
				GCC_WARN_UNINITIALIZED_AUTOS = YES_AGGRESSIVE;
				GCC_WARN_UNUSED_FUNCTION = YES;
				GCC_WARN_UNUSED_VARIABLE = YES;
				IPHONEOS_DEPLOYMENT_TARGET = 9.2;
				MTL_ENABLE_DEBUG_INFO = YES;
				ONLY_ACTIVE_ARCH = YES;
				PROVISIONING_PROFILE = "$(sigh_org.roundware.Digita11y_adhoc)";
				SDKROOT = iphoneos;
				SWIFT_OPTIMIZATION_LEVEL = "-Onone";
				TARGETED_DEVICE_FAMILY = "1,2";
			};
			name = Debug;
		};
		8AA85E731C7CF12D0086AA6B /* Release */ = {
			isa = XCBuildConfiguration;
			buildSettings = {
				ALWAYS_SEARCH_USER_PATHS = NO;
				CLANG_CXX_LANGUAGE_STANDARD = "gnu++0x";
				CLANG_CXX_LIBRARY = "libc++";
				CLANG_ENABLE_MODULES = YES;
				CLANG_ENABLE_OBJC_ARC = YES;
				CLANG_WARN_BOOL_CONVERSION = YES;
				CLANG_WARN_CONSTANT_CONVERSION = YES;
				CLANG_WARN_DIRECT_OBJC_ISA_USAGE = YES_ERROR;
				CLANG_WARN_EMPTY_BODY = YES;
				CLANG_WARN_ENUM_CONVERSION = YES;
				CLANG_WARN_INT_CONVERSION = YES;
				CLANG_WARN_OBJC_ROOT_CLASS = YES_ERROR;
				CLANG_WARN_UNREACHABLE_CODE = YES;
				CLANG_WARN__DUPLICATE_METHOD_MATCH = YES;
				"CODE_SIGN_IDENTITY[sdk=iphoneos*]" = "iPhone Distribution";
				COPY_PHASE_STRIP = NO;
				DEBUG_INFORMATION_FORMAT = "dwarf-with-dsym";
				DEFINES_MODULE = YES;
				ENABLE_NS_ASSERTIONS = NO;
				ENABLE_STRICT_OBJC_MSGSEND = YES;
				GCC_C_LANGUAGE_STANDARD = gnu99;
				GCC_NO_COMMON_BLOCKS = YES;
				GCC_WARN_64_TO_32_BIT_CONVERSION = YES;
				GCC_WARN_ABOUT_RETURN_TYPE = YES_ERROR;
				GCC_WARN_UNDECLARED_SELECTOR = YES;
				GCC_WARN_UNINITIALIZED_AUTOS = YES_AGGRESSIVE;
				GCC_WARN_UNUSED_FUNCTION = YES;
				GCC_WARN_UNUSED_VARIABLE = YES;
				IPHONEOS_DEPLOYMENT_TARGET = 9.2;
				MTL_ENABLE_DEBUG_INFO = NO;
				PROVISIONING_PROFILE = "$(sigh_org.roundware.Digita11y_adhoc)";
				SDKROOT = iphoneos;
				TARGETED_DEVICE_FAMILY = "1,2";
				VALIDATE_PRODUCT = YES;
			};
			name = Release;
		};
		8AA85E751C7CF12D0086AA6B /* Debug */ = {
			isa = XCBuildConfiguration;
			baseConfigurationReference = 1D332F49278593270CAB8C72 /* Pods-Digita11y.debug.xcconfig */;
			buildSettings = {
				ASSETCATALOG_COMPILER_APPICON_NAME = AppIcon;
				CURRENT_PROJECT_VERSION = 5;
				INFOPLIST_FILE = Digita11y/Info.plist;
				LD_RUNPATH_SEARCH_PATHS = "$(inherited) @executable_path/Frameworks";
				PRODUCT_BUNDLE_IDENTIFIER = org.roundware.Digita11y;
				PRODUCT_NAME = "$(TARGET_NAME)";
				VERSIONING_SYSTEM = "apple-generic";
			};
			name = Debug;
		};
		8AA85E761C7CF12D0086AA6B /* Release */ = {
			isa = XCBuildConfiguration;
			baseConfigurationReference = 3705801AFC5389EC249AD8F7 /* Pods-Digita11y.release.xcconfig */;
			buildSettings = {
				ASSETCATALOG_COMPILER_APPICON_NAME = AppIcon;
				CURRENT_PROJECT_VERSION = 5;
				INFOPLIST_FILE = Digita11y/Info.plist;
				LD_RUNPATH_SEARCH_PATHS = "$(inherited) @executable_path/Frameworks";
				PRODUCT_BUNDLE_IDENTIFIER = org.roundware.Digita11y;
				PRODUCT_NAME = "$(TARGET_NAME)";
				VERSIONING_SYSTEM = "apple-generic";
			};
			name = Release;
		};
		8AB65BD91C90DCD8005D112B /* Debug */ = {
			isa = XCBuildConfiguration;
			buildSettings = {
				INFOPLIST_FILE = Digita11yUITests/Info.plist;
				LD_RUNPATH_SEARCH_PATHS = "$(inherited) @executable_path/Frameworks @loader_path/Frameworks";
				PRODUCT_BUNDLE_IDENTIFIER = org.roundware.Digita11yUITests;
				PRODUCT_NAME = "$(TARGET_NAME)";
				TEST_TARGET_NAME = Digita11y;
				USES_XCTRUNNER = YES;
			};
			name = Debug;
		};
		8AB65BDA1C90DCD8005D112B /* Release */ = {
			isa = XCBuildConfiguration;
			buildSettings = {
				"CODE_SIGN_IDENTITY[sdk=iphoneos*]" = "iPhone Developer";
				INFOPLIST_FILE = Digita11yUITests/Info.plist;
				LD_RUNPATH_SEARCH_PATHS = "$(inherited) @executable_path/Frameworks @loader_path/Frameworks";
				PRODUCT_BUNDLE_IDENTIFIER = org.roundware.Digita11yUITests;
				PRODUCT_NAME = "$(TARGET_NAME)";
				TEST_TARGET_NAME = Digita11y;
				USES_XCTRUNNER = YES;
			};
			name = Release;
		};
/* End XCBuildConfiguration section */

/* Begin XCConfigurationList section */
		8A65989B1C877399009A29C8 /* Build configuration list for PBXNativeTarget "Digita11yTests" */ = {
			isa = XCConfigurationList;
			buildConfigurations = (
				8A65989C1C877399009A29C8 /* Debug */,
				8A65989D1C877399009A29C8 /* Release */,
			);
			defaultConfigurationIsVisible = 0;
			defaultConfigurationName = Release;
		};
		8AA85E5D1C7CF12D0086AA6B /* Build configuration list for PBXProject "Digita11y" */ = {
			isa = XCConfigurationList;
			buildConfigurations = (
				8AA85E721C7CF12D0086AA6B /* Debug */,
				8AA85E731C7CF12D0086AA6B /* Release */,
			);
			defaultConfigurationIsVisible = 0;
			defaultConfigurationName = Release;
		};
		8AA85E741C7CF12D0086AA6B /* Build configuration list for PBXNativeTarget "Digita11y" */ = {
			isa = XCConfigurationList;
			buildConfigurations = (
				8AA85E751C7CF12D0086AA6B /* Debug */,
				8AA85E761C7CF12D0086AA6B /* Release */,
			);
			defaultConfigurationIsVisible = 0;
			defaultConfigurationName = Release;
		};
		8AB65BD81C90DCD8005D112B /* Build configuration list for PBXNativeTarget "Digita11yUITests" */ = {
			isa = XCConfigurationList;
			buildConfigurations = (
				8AB65BD91C90DCD8005D112B /* Debug */,
				8AB65BDA1C90DCD8005D112B /* Release */,
			);
			defaultConfigurationIsVisible = 0;
			defaultConfigurationName = Release;
		};
/* End XCConfigurationList section */
	};
	rootObject = 8AA85E5A1C7CF12D0086AA6B /* Project object */;
}
